// !$*UTF8*$!
{
	archiveVersion = 1;
	classes = {
	};
	objectVersion = 45;
	objects = {

/* Begin PBXBuildFile section */
		6491819A1279228900A185C2 /* PetriBoardCellTestCases.m in Sources */ = {isa = PBXBuildFile; fileRef = 64C7E66A1278F1F800B040F8 /* PetriBoardCellTestCases.m */; };
		64C7E66E1278F24200B040F8 /* PetriSquareGridPieceTestCases.m in Sources */ = {isa = PBXBuildFile; fileRef = 64C7E66D1278F24200B040F8 /* PetriSquareGridPieceTestCases.m */; };
		64C7E6741278F2D600B040F8 /* PetriItemTestCases.m in Sources */ = {isa = PBXBuildFile; fileRef = 64C7E6731278F2D600B040F8 /* PetriItemTestCases.m */; };
		6A03C3C412A41E95001F243A /* PetriPieceLayer.m in Sources */ = {isa = PBXBuildFile; fileRef = 6A03C3C312A41E95001F243A /* PetriPieceLayer.m */; };
		6A03C47312A44091001F243A /* PetriSquareGridPiece.m in Sources */ = {isa = PBXBuildFile; fileRef = 6A03C47212A44091001F243A /* PetriSquareGridPiece.m */; };
		6A03C47612A440D7001F243A /* PetriGridPiece.m in Sources */ = {isa = PBXBuildFile; fileRef = 6A03C47512A440D7001F243A /* PetriGridPiece.m */; };
		6A0B311412A1A28200366122 /* PetriGameConfiguration.m in Sources */ = {isa = PBXBuildFile; fileRef = 6A0B311312A1A28200366122 /* PetriGameConfiguration.m */; };
		6A112E871299F8BE002A930D /* CALayer+ConstraintSets.m in Sources */ = {isa = PBXBuildFile; fileRef = 6A112E861299F8BE002A930D /* CALayer+ConstraintSets.m */; };
		6A12DE5212945ACD007333FA /* PetriModel.m in Sources */ = {isa = PBXBuildFile; fileRef = 6A12DE5112945ACD007333FA /* PetriModel.m */; };
		6A21A80F1299A2370054B8F0 /* PetriGridBoard.m in Sources */ = {isa = PBXBuildFile; fileRef = 6A21A8091299A2370054B8F0 /* PetriGridBoard.m */; };
		6A21A8101299A2370054B8F0 /* PetriSquareGridBoard.m in Sources */ = {isa = PBXBuildFile; fileRef = 6A21A80E1299A2370054B8F0 /* PetriSquareGridBoard.m */; };
		6A21A9FB1299CF6B0054B8F0 /* PetriModelTestCases.m in Sources */ = {isa = PBXBuildFile; fileRef = 6A21A9FA1299CF6B0054B8F0 /* PetriModelTestCases.m */; };
		6A3DB095129B9D2B00D37405 /* PetriGameplayView.m in Sources */ = {isa = PBXBuildFile; fileRef = 6A3DB094129B9D2B00D37405 /* PetriGameplayView.m */; };
		6A4722F812A6ECE800D5F67C /* PetriPieceContainerLayer.m in Sources */ = {isa = PBXBuildFile; fileRef = 6A4722F512A6ECE800D5F67C /* PetriPieceContainerLayer.m */; };
		6A4722F912A6ECE800D5F67C /* PetriPlayersListContainerLayer.m in Sources */ = {isa = PBXBuildFile; fileRef = 6A4722F712A6ECE800D5F67C /* PetriPlayersListContainerLayer.m */; };
		6A48E9BE12AEF34A00DA4B81 /* PetriBoardPrototypeView.m in Sources */ = {isa = PBXBuildFile; fileRef = 6A48E9BD12AEF34A00DA4B81 /* PetriBoardPrototypeView.m */; };
		6A4A15A612662EA000429714 /* PetriGameGroup.m in Sources */ = {isa = PBXBuildFile; fileRef = 6A4A15A512662EA000429714 /* PetriGameGroup.m */; };
		6A4A15CD1266351400429714 /* PetriUser.m in Sources */ = {isa = PBXBuildFile; fileRef = 6A4A15CC1266351400429714 /* PetriUser.m */; };
		6A4A15E412663B7900429714 /* PetriBoardCell.m in Sources */ = {isa = PBXBuildFile; fileRef = 6A4A15DA12663B7800429714 /* PetriBoardCell.m */; };
		6A4A15E512663B7900429714 /* PetriAIPlayer.m in Sources */ = {isa = PBXBuildFile; fileRef = 6A4A15DE12663B7900429714 /* PetriAIPlayer.m */; };
		6A4A15E612663B7900429714 /* PetriPlayer.m in Sources */ = {isa = PBXBuildFile; fileRef = 6A4A15E012663B7900429714 /* PetriPlayer.m */; };
		6A4A15E712663B7900429714 /* PetriUserPlayer.m in Sources */ = {isa = PBXBuildFile; fileRef = 6A4A15E212663B7900429714 /* PetriUserPlayer.m */; };
		6A4A15ED12663C1600429714 /* PetriGame.m in Sources */ = {isa = PBXBuildFile; fileRef = 6A4A15EC12663C1600429714 /* PetriGame.m */; };
		6A4A160312663EFD00429714 /* PetriItem.m in Sources */ = {isa = PBXBuildFile; fileRef = 6A4A160212663EFD00429714 /* PetriItem.m */; };
		6A56903B1285ECB50002C128 /* TitleView.xib in Resources */ = {isa = PBXBuildFile; fileRef = 6A5690391285ECAD0002C128 /* TitleView.xib */; };
		6A56903C1285ECCA0002C128 /* PetriTitleViewController.m in Sources */ = {isa = PBXBuildFile; fileRef = 6A5690351285DC9A0002C128 /* PetriTitleViewController.m */; };
		6A5690441285ED480002C128 /* PetriGameplayViewController.m in Sources */ = {isa = PBXBuildFile; fileRef = 6A5690431285ED480002C128 /* PetriGameplayViewController.m */; };
		6A5690451285ED530002C128 /* PetriGameGroupViewController.m in Sources */ = {isa = PBXBuildFile; fileRef = 6A5690401285ED2E0002C128 /* PetriGameGroupViewController.m */; };
		6A56904B1285F6EA0002C128 /* GameplayView.xib in Resources */ = {isa = PBXBuildFile; fileRef = 6A56904A1285F6EA0002C128 /* GameplayView.xib */; };
		6A56904D1285F6F20002C128 /* GameGroupView.xib in Resources */ = {isa = PBXBuildFile; fileRef = 6A56904C1285F6F20002C128 /* GameGroupView.xib */; };
		6A5E852412AFD8AA00F4233A /* PetriCellTypeDisplayTransformer.m in Sources */ = {isa = PBXBuildFile; fileRef = 6A5E852312AFD8AA00F4233A /* PetriCellTypeDisplayTransformer.m */; };
		6A71D27312B2C4C800AC6F2B /* PetriNoLayerResizeAnimationView.m in Sources */ = {isa = PBXBuildFile; fileRef = 6A71D27212B2C4C800AC6F2B /* PetriNoLayerResizeAnimationView.m */; };
		6A7D5C8D129C790F00D7243F /* PetriSquareGridPieceLayer.m in Sources */ = {isa = PBXBuildFile; fileRef = 6A7D5C8C129C790F00D7243F /* PetriSquareGridPieceLayer.m */; };
		6A9430BE129B3F2A00A9F343 /* PetriSquareGridBoardLayer.m in Sources */ = {isa = PBXBuildFile; fileRef = 6A9430B5129B3F2A00A9F343 /* PetriSquareGridBoardLayer.m */; };
		6A9430BF129B3F2A00A9F343 /* PetriBoardLayer.m in Sources */ = {isa = PBXBuildFile; fileRef = 6A9430B8129B3F2A00A9F343 /* PetriBoardLayer.m */; };
		6A9430C0129B3F2A00A9F343 /* PetriBoardCellLayer.m in Sources */ = {isa = PBXBuildFile; fileRef = 6A9430BB129B3F2A00A9F343 /* PetriBoardCellLayer.m */; };
		6A9430C1129B3F2A00A9F343 /* PetriAspectRatioLayer.m in Sources */ = {isa = PBXBuildFile; fileRef = 6A9430BD129B3F2A00A9F343 /* PetriAspectRatioLayer.m */; };
		6A9430E1129B464000A9F343 /* PetriPlayerColorValueTransformer.m in Sources */ = {isa = PBXBuildFile; fileRef = 6A9430E0129B464000A9F343 /* PetriPlayerColorValueTransformer.m */; };
		6A9A49F0129DD9820033AA14 /* PetriSquareGridBoardTestCases.m in Sources */ = {isa = PBXBuildFile; fileRef = 6A9A49EF129DD9820033AA14 /* PetriSquareGridBoardTestCases.m */; };
		6A9DE8D31276020200020AB9 /* PetriUserTestCases.m in Sources */ = {isa = PBXBuildFile; fileRef = 6A9DE8D21276020200020AB9 /* PetriUserTestCases.m */; };
		6AA28D16129B76DB006FDE1F /* PetriMockGridBoard.m in Sources */ = {isa = PBXBuildFile; fileRef = 6AA28D13129B76DB006FDE1F /* PetriMockGridBoard.m */; };
		6AA28D17129B76DB006FDE1F /* PetriMockPlayer.m in Sources */ = {isa = PBXBuildFile; fileRef = 6AA28D15129B76DB006FDE1F /* PetriMockPlayer.m */; };
		6AA738E51265FB97003ABB43 /* InfoPlist.strings in Resources */ = {isa = PBXBuildFile; fileRef = 6AA738E01265FB97003ABB43 /* InfoPlist.strings */; };
		6AA738E61265FB97003ABB43 /* MainMenu.xib in Resources */ = {isa = PBXBuildFile; fileRef = 6AA738E21265FB97003ABB43 /* MainMenu.xib */; };
		6AA738F71265FBB7003ABB43 /* PetriMainWindowController.m in Sources */ = {isa = PBXBuildFile; fileRef = 6AA738EB1265FBB7003ABB43 /* PetriMainWindowController.m */; };
		6AA738FA1265FBB7003ABB43 /* main.m in Sources */ = {isa = PBXBuildFile; fileRef = 6AA738F31265FBB7003ABB43 /* main.m */; };
		6ACA2E5D12888EEE002DEBE1 /* PetriMainWindowViewController.m in Sources */ = {isa = PBXBuildFile; fileRef = 6ACA2E5C12888EEE002DEBE1 /* PetriMainWindowViewController.m */; };
		6AE75E3F128B0A12009F6BC5 /* PetriJoinGameViewController.m in Sources */ = {isa = PBXBuildFile; fileRef = 6AE75E3E128B0A12009F6BC5 /* PetriJoinGameViewController.m */; };
		6AE75E7E128B171C009F6BC5 /* JoinGameView.xib in Resources */ = {isa = PBXBuildFile; fileRef = 6AE75E7D128B171C009F6BC5 /* JoinGameView.xib */; };
		6AE75FC0128B8D20009F6BC5 /* Quartz.framework in Frameworks */ = {isa = PBXBuildFile; fileRef = 6AE75FBF128B8D20009F6BC5 /* Quartz.framework */; };
		6AE76035128BAB06009F6BC5 /* NSArray+Subranges.m in Sources */ = {isa = PBXBuildFile; fileRef = 6AE76034128BAB06009F6BC5 /* NSArray+Subranges.m */; };
		6AEF227812763160008D8828 /* PetriAIPlayerTestCases.m in Sources */ = {isa = PBXBuildFile; fileRef = 6AEF227712763160008D8828 /* PetriAIPlayerTestCases.m */; };
		6AEF22C71276397A008D8828 /* PetriUserPlayerTestCases.m in Sources */ = {isa = PBXBuildFile; fileRef = 6AEF22C61276397A008D8828 /* PetriUserPlayerTestCases.m */; };
		6AFFCC92129AFFB200C49D42 /* BGHUDAppKit.framework in Copy Frameworks */ = {isa = PBXBuildFile; fileRef = FADBA43B129AF9DE001EA149 /* BGHUDAppKit.framework */; };
		6AFFCC93129AFFB200C49D42 /* BWToolkitFramework.framework in Copy Frameworks */ = {isa = PBXBuildFile; fileRef = FADBA43D129AF9DE001EA149 /* BWToolkitFramework.framework */; };
		6AFFCD9E129B1AA200C49D42 /* PetriGameConfigurationTestCases.m in Sources */ = {isa = PBXBuildFile; fileRef = 6AFFCD9D129B1AA200C49D42 /* PetriGameConfigurationTestCases.m */; };
		8D11072F0486CEB800E47090 /* Cocoa.framework in Frameworks */ = {isa = PBXBuildFile; fileRef = 1058C7A1FEA54F0111CA2CBB /* Cocoa.framework */; };
		FA260A2412AD671100B4E9F9 /* PetriBoardManager.m in Sources */ = {isa = PBXBuildFile; fileRef = FA260A2312AD671100B4E9F9 /* PetriBoardManager.m */; };
		FA260A2712AD6A8400B4E9F9 /* PetriBoardManagerTestCases.m in Sources */ = {isa = PBXBuildFile; fileRef = FA260A2612AD6A8400B4E9F9 /* PetriBoardManagerTestCases.m */; };
		FA547A6A12A89BE500F14951 /* PetriBoardPrototype.m in Sources */ = {isa = PBXBuildFile; fileRef = FA547A6912A89BE500F14951 /* PetriBoardPrototype.m */; };
		FA547A6D12A98D0300F14951 /* PetriBoardParameter.m in Sources */ = {isa = PBXBuildFile; fileRef = FA547A6C12A98D0300F14951 /* PetriBoardParameter.m */; };
		FA591AA9129B8D7600210502 /* Petri2DCoordinates.m in Sources */ = {isa = PBXBuildFile; fileRef = FA591AA8129B8D7600210502 /* Petri2DCoordinates.m */; };
		FA591AD3129B926B00210502 /* Petri2DCoordinatesTestCases.m in Sources */ = {isa = PBXBuildFile; fileRef = FA591ACB129B906600210502 /* Petri2DCoordinatesTestCases.m */; };
		FAB0331212788BBB00DC01F0 /* PetriGameTestCases.m in Sources */ = {isa = PBXBuildFile; fileRef = FAB0331112788BBB00DC01F0 /* PetriGameTestCases.m */; };
		FAB033321278D71500DC01F0 /* PetriGridBoardTestCases.m in Sources */ = {isa = PBXBuildFile; fileRef = FAB033311278D71500DC01F0 /* PetriGridBoardTestCases.m */; };
		FAB03386128885A000DC01F0 /* PetriGameGroupTestCases.m in Sources */ = {isa = PBXBuildFile; fileRef = FAB03385128885A000DC01F0 /* PetriGameGroupTestCases.m */; };
		FADBA25B12985812001EA149 /* PetriPlayerTestCases.m in Sources */ = {isa = PBXBuildFile; fileRef = FADBA25A12985812001EA149 /* PetriPlayerTestCases.m */; };
		FADBA467129AFA57001EA149 /* BGHUDAppKit.framework in Frameworks */ = {isa = PBXBuildFile; fileRef = FADBA43B129AF9DE001EA149 /* BGHUDAppKit.framework */; };
		FADBA496129AFA60001EA149 /* BWToolkitFramework.framework in Frameworks */ = {isa = PBXBuildFile; fileRef = FADBA43D129AF9DE001EA149 /* BWToolkitFramework.framework */; };
		FAE7603712A468C4000F5C77 /* PetriMockGridPiece.m in Sources */ = {isa = PBXBuildFile; fileRef = FAE7603612A468C4000F5C77 /* PetriMockGridPiece.m */; };
		FAE7603A12A46915000F5C77 /* PetriGridPieceTestCases.m in Sources */ = {isa = PBXBuildFile; fileRef = FAE7603912A46915000F5C77 /* PetriGridPieceTestCases.m */; };
/* End PBXBuildFile section */

/* Begin PBXContainerItemProxy section */
		6A9DE88D1275F11F00020AB9 /* PBXContainerItemProxy */ = {
			isa = PBXContainerItemProxy;
			containerPortal = 29B97313FDCFA39411CA2CEA /* Project object */;
			proxyType = 1;
			remoteGlobalIDString = 8D1107260486CEB800E47090;
			remoteInfo = Petri;
		};
/* End PBXContainerItemProxy section */

/* Begin PBXCopyFilesBuildPhase section */
		6A51CE19129890F500D5ECDE /* Copy Frameworks */ = {
			isa = PBXCopyFilesBuildPhase;
			buildActionMask = 2147483647;
			dstPath = "";
			dstSubfolderSpec = 10;
			files = (
				6AFFCC92129AFFB200C49D42 /* BGHUDAppKit.framework in Copy Frameworks */,
				6AFFCC93129AFFB200C49D42 /* BWToolkitFramework.framework in Copy Frameworks */,
			);
			name = "Copy Frameworks";
			runOnlyForDeploymentPostprocessing = 0;
		};
/* End PBXCopyFilesBuildPhase section */

/* Begin PBXFileReference section */
		1058C7A1FEA54F0111CA2CBB /* Cocoa.framework */ = {isa = PBXFileReference; lastKnownFileType = wrapper.framework; name = Cocoa.framework; path = /System/Library/Frameworks/Cocoa.framework; sourceTree = "<absolute>"; };
		13E42FB307B3F0F600E4EEF1 /* CoreData.framework */ = {isa = PBXFileReference; lastKnownFileType = wrapper.framework; name = CoreData.framework; path = /System/Library/Frameworks/CoreData.framework; sourceTree = "<absolute>"; };
		29B97324FDCFA39411CA2CEA /* AppKit.framework */ = {isa = PBXFileReference; lastKnownFileType = wrapper.framework; name = AppKit.framework; path = /System/Library/Frameworks/AppKit.framework; sourceTree = "<absolute>"; };
		29B97325FDCFA39411CA2CEA /* Foundation.framework */ = {isa = PBXFileReference; lastKnownFileType = wrapper.framework; name = Foundation.framework; path = /System/Library/Frameworks/Foundation.framework; sourceTree = "<absolute>"; };
		64C7E6691278F1F800B040F8 /* PetriBoardCellTestCases.h */ = {isa = PBXFileReference; fileEncoding = 4; lastKnownFileType = sourcecode.c.h; path = PetriBoardCellTestCases.h; sourceTree = "<group>"; };
		64C7E66A1278F1F800B040F8 /* PetriBoardCellTestCases.m */ = {isa = PBXFileReference; fileEncoding = 4; lastKnownFileType = sourcecode.c.objc; path = PetriBoardCellTestCases.m; sourceTree = "<group>"; };
		64C7E66C1278F24200B040F8 /* PetriSquareGridPieceTestCases.h */ = {isa = PBXFileReference; fileEncoding = 4; lastKnownFileType = sourcecode.c.h; path = PetriSquareGridPieceTestCases.h; sourceTree = "<group>"; };
		64C7E66D1278F24200B040F8 /* PetriSquareGridPieceTestCases.m */ = {isa = PBXFileReference; fileEncoding = 4; lastKnownFileType = sourcecode.c.objc; path = PetriSquareGridPieceTestCases.m; sourceTree = "<group>"; };
		64C7E6721278F2D600B040F8 /* PetriItemTestCases.h */ = {isa = PBXFileReference; fileEncoding = 4; lastKnownFileType = sourcecode.c.h; path = PetriItemTestCases.h; sourceTree = "<group>"; };
		64C7E6731278F2D600B040F8 /* PetriItemTestCases.m */ = {isa = PBXFileReference; fileEncoding = 4; lastKnownFileType = sourcecode.c.objc; path = PetriItemTestCases.m; sourceTree = "<group>"; };
		6A03C3C212A41E95001F243A /* PetriPieceLayer.h */ = {isa = PBXFileReference; fileEncoding = 4; lastKnownFileType = sourcecode.c.h; path = PetriPieceLayer.h; sourceTree = "<group>"; };
		6A03C3C312A41E95001F243A /* PetriPieceLayer.m */ = {isa = PBXFileReference; fileEncoding = 4; lastKnownFileType = sourcecode.c.objc; path = PetriPieceLayer.m; sourceTree = "<group>"; };
		6A03C47112A44091001F243A /* PetriSquareGridPiece.h */ = {isa = PBXFileReference; fileEncoding = 4; lastKnownFileType = sourcecode.c.h; path = PetriSquareGridPiece.h; sourceTree = "<group>"; };
		6A03C47212A44091001F243A /* PetriSquareGridPiece.m */ = {isa = PBXFileReference; fileEncoding = 4; lastKnownFileType = sourcecode.c.objc; path = PetriSquareGridPiece.m; sourceTree = "<group>"; };
		6A03C47412A440D7001F243A /* PetriGridPiece.h */ = {isa = PBXFileReference; fileEncoding = 4; lastKnownFileType = sourcecode.c.h; path = PetriGridPiece.h; sourceTree = "<group>"; };
		6A03C47512A440D7001F243A /* PetriGridPiece.m */ = {isa = PBXFileReference; fileEncoding = 4; lastKnownFileType = sourcecode.c.objc; path = PetriGridPiece.m; sourceTree = "<group>"; };
		6A0B311212A1A28200366122 /* PetriGameConfiguration.h */ = {isa = PBXFileReference; fileEncoding = 4; lastKnownFileType = sourcecode.c.h; path = PetriGameConfiguration.h; sourceTree = "<group>"; };
		6A0B311312A1A28200366122 /* PetriGameConfiguration.m */ = {isa = PBXFileReference; fileEncoding = 4; lastKnownFileType = sourcecode.c.objc; path = PetriGameConfiguration.m; sourceTree = "<group>"; };
		6A112E851299F8BE002A930D /* CALayer+ConstraintSets.h */ = {isa = PBXFileReference; fileEncoding = 4; lastKnownFileType = sourcecode.c.h; path = "CALayer+ConstraintSets.h"; sourceTree = "<group>"; };
		6A112E861299F8BE002A930D /* CALayer+ConstraintSets.m */ = {isa = PBXFileReference; fileEncoding = 4; lastKnownFileType = sourcecode.c.objc; path = "CALayer+ConstraintSets.m"; sourceTree = "<group>"; };
		6A12DE5012945ACD007333FA /* PetriModel.h */ = {isa = PBXFileReference; fileEncoding = 4; lastKnownFileType = sourcecode.c.h; path = PetriModel.h; sourceTree = "<group>"; };
		6A12DE5112945ACD007333FA /* PetriModel.m */ = {isa = PBXFileReference; fileEncoding = 4; lastKnownFileType = sourcecode.c.objc; path = PetriModel.m; sourceTree = "<group>"; };
		6A21A8081299A2370054B8F0 /* PetriGridBoard.h */ = {isa = PBXFileReference; fileEncoding = 4; lastKnownFileType = sourcecode.c.h; path = PetriGridBoard.h; sourceTree = "<group>"; };
		6A21A8091299A2370054B8F0 /* PetriGridBoard.m */ = {isa = PBXFileReference; fileEncoding = 4; lastKnownFileType = sourcecode.c.objc; path = PetriGridBoard.m; sourceTree = "<group>"; };
		6A21A80B1299A2370054B8F0 /* PetriBoard.h */ = {isa = PBXFileReference; fileEncoding = 4; lastKnownFileType = sourcecode.c.h; path = PetriBoard.h; sourceTree = "<group>"; };
		6A21A80D1299A2370054B8F0 /* PetriSquareGridBoard.h */ = {isa = PBXFileReference; fileEncoding = 4; lastKnownFileType = sourcecode.c.h; path = PetriSquareGridBoard.h; sourceTree = "<group>"; };
		6A21A80E1299A2370054B8F0 /* PetriSquareGridBoard.m */ = {isa = PBXFileReference; fileEncoding = 4; lastKnownFileType = sourcecode.c.objc; path = PetriSquareGridBoard.m; sourceTree = "<group>"; };
		6A21A9F91299CF6B0054B8F0 /* PetriModelTestCases.h */ = {isa = PBXFileReference; fileEncoding = 4; lastKnownFileType = sourcecode.c.h; path = PetriModelTestCases.h; sourceTree = "<group>"; };
		6A21A9FA1299CF6B0054B8F0 /* PetriModelTestCases.m */ = {isa = PBXFileReference; fileEncoding = 4; lastKnownFileType = sourcecode.c.objc; path = PetriModelTestCases.m; sourceTree = "<group>"; };
		6A3DB093129B9D2B00D37405 /* PetriGameplayView.h */ = {isa = PBXFileReference; fileEncoding = 4; lastKnownFileType = sourcecode.c.h; path = PetriGameplayView.h; sourceTree = "<group>"; };
		6A3DB094129B9D2B00D37405 /* PetriGameplayView.m */ = {isa = PBXFileReference; fileEncoding = 4; lastKnownFileType = sourcecode.c.objc; path = PetriGameplayView.m; sourceTree = "<group>"; };
		6A4722F412A6ECE800D5F67C /* PetriPieceContainerLayer.h */ = {isa = PBXFileReference; fileEncoding = 4; lastKnownFileType = sourcecode.c.h; path = PetriPieceContainerLayer.h; sourceTree = "<group>"; };
		6A4722F512A6ECE800D5F67C /* PetriPieceContainerLayer.m */ = {isa = PBXFileReference; fileEncoding = 4; lastKnownFileType = sourcecode.c.objc; path = PetriPieceContainerLayer.m; sourceTree = "<group>"; };
		6A4722F612A6ECE800D5F67C /* PetriPlayersListContainerLayer.h */ = {isa = PBXFileReference; fileEncoding = 4; lastKnownFileType = sourcecode.c.h; path = PetriPlayersListContainerLayer.h; sourceTree = "<group>"; };
		6A4722F712A6ECE800D5F67C /* PetriPlayersListContainerLayer.m */ = {isa = PBXFileReference; fileEncoding = 4; lastKnownFileType = sourcecode.c.objc; path = PetriPlayersListContainerLayer.m; sourceTree = "<group>"; };
		6A48E9BC12AEF34A00DA4B81 /* PetriBoardPrototypeView.h */ = {isa = PBXFileReference; fileEncoding = 4; lastKnownFileType = sourcecode.c.h; path = PetriBoardPrototypeView.h; sourceTree = "<group>"; };
		6A48E9BD12AEF34A00DA4B81 /* PetriBoardPrototypeView.m */ = {isa = PBXFileReference; fileEncoding = 4; lastKnownFileType = sourcecode.c.objc; path = PetriBoardPrototypeView.m; sourceTree = "<group>"; };
		6A4A15A412662EA000429714 /* PetriGameGroup.h */ = {isa = PBXFileReference; fileEncoding = 4; lastKnownFileType = sourcecode.c.h; name = PetriGameGroup.h; path = Users/PetriGameGroup.h; sourceTree = "<group>"; };
		6A4A15A512662EA000429714 /* PetriGameGroup.m */ = {isa = PBXFileReference; fileEncoding = 4; lastKnownFileType = sourcecode.c.objc; name = PetriGameGroup.m; path = Users/PetriGameGroup.m; sourceTree = "<group>"; };
		6A4A15CB1266351400429714 /* PetriUser.h */ = {isa = PBXFileReference; fileEncoding = 4; lastKnownFileType = sourcecode.c.h; name = PetriUser.h; path = Users/PetriUser.h; sourceTree = "<group>"; };
		6A4A15CC1266351400429714 /* PetriUser.m */ = {isa = PBXFileReference; fileEncoding = 4; lastKnownFileType = sourcecode.c.objc; name = PetriUser.m; path = Users/PetriUser.m; sourceTree = "<group>"; };
		6A4A15D912663B7800429714 /* PetriBoardCell.h */ = {isa = PBXFileReference; fileEncoding = 4; lastKnownFileType = sourcecode.c.h; path = PetriBoardCell.h; sourceTree = "<group>"; };
		6A4A15DA12663B7800429714 /* PetriBoardCell.m */ = {isa = PBXFileReference; fileEncoding = 4; lastKnownFileType = sourcecode.c.objc; path = PetriBoardCell.m; sourceTree = "<group>"; };
		6A4A15DB12663B7800429714 /* PetriCellType.h */ = {isa = PBXFileReference; fileEncoding = 4; lastKnownFileType = sourcecode.c.h; path = PetriCellType.h; sourceTree = "<group>"; };
		6A4A15DD12663B7900429714 /* PetriAIPlayer.h */ = {isa = PBXFileReference; fileEncoding = 4; lastKnownFileType = sourcecode.c.h; path = PetriAIPlayer.h; sourceTree = "<group>"; };
		6A4A15DE12663B7900429714 /* PetriAIPlayer.m */ = {isa = PBXFileReference; fileEncoding = 4; lastKnownFileType = sourcecode.c.objc; path = PetriAIPlayer.m; sourceTree = "<group>"; };
		6A4A15DF12663B7900429714 /* PetriPlayer.h */ = {isa = PBXFileReference; fileEncoding = 4; lastKnownFileType = sourcecode.c.h; path = PetriPlayer.h; sourceTree = "<group>"; };
		6A4A15E012663B7900429714 /* PetriPlayer.m */ = {isa = PBXFileReference; fileEncoding = 4; lastKnownFileType = sourcecode.c.objc; path = PetriPlayer.m; sourceTree = "<group>"; };
		6A4A15E112663B7900429714 /* PetriUserPlayer.h */ = {isa = PBXFileReference; fileEncoding = 4; lastKnownFileType = sourcecode.c.h; path = PetriUserPlayer.h; sourceTree = "<group>"; };
		6A4A15E212663B7900429714 /* PetriUserPlayer.m */ = {isa = PBXFileReference; fileEncoding = 4; lastKnownFileType = sourcecode.c.objc; path = PetriUserPlayer.m; sourceTree = "<group>"; };
		6A4A15EB12663C1500429714 /* PetriGame.h */ = {isa = PBXFileReference; fileEncoding = 4; lastKnownFileType = sourcecode.c.h; path = PetriGame.h; sourceTree = "<group>"; };
		6A4A15EC12663C1600429714 /* PetriGame.m */ = {isa = PBXFileReference; fileEncoding = 4; lastKnownFileType = sourcecode.c.objc; path = PetriGame.m; sourceTree = "<group>"; };
		6A4A160112663EFC00429714 /* PetriItem.h */ = {isa = PBXFileReference; fileEncoding = 4; lastKnownFileType = sourcecode.c.h; path = PetriItem.h; sourceTree = "<group>"; };
		6A4A160212663EFD00429714 /* PetriItem.m */ = {isa = PBXFileReference; fileEncoding = 4; lastKnownFileType = sourcecode.c.objc; path = PetriItem.m; sourceTree = "<group>"; };
		6A515D7412A4490200EABDAB /* PetriPiece.h */ = {isa = PBXFileReference; fileEncoding = 4; lastKnownFileType = sourcecode.c.h; path = PetriPiece.h; sourceTree = "<group>"; };
		6A5690341285DC9A0002C128 /* PetriTitleViewController.h */ = {isa = PBXFileReference; fileEncoding = 4; lastKnownFileType = sourcecode.c.h; path = PetriTitleViewController.h; sourceTree = "<group>"; };
		6A5690351285DC9A0002C128 /* PetriTitleViewController.m */ = {isa = PBXFileReference; fileEncoding = 4; lastKnownFileType = sourcecode.c.objc; path = PetriTitleViewController.m; sourceTree = "<group>"; };
		6A5690371285ECA70002C128 /* English */ = {isa = PBXFileReference; lastKnownFileType = file.xib; name = English; path = English.lproj/TitleView.xib; sourceTree = "<group>"; };
		6A56903F1285ED2E0002C128 /* PetriGameGroupViewController.h */ = {isa = PBXFileReference; fileEncoding = 4; lastKnownFileType = sourcecode.c.h; path = PetriGameGroupViewController.h; sourceTree = "<group>"; };
		6A5690401285ED2E0002C128 /* PetriGameGroupViewController.m */ = {isa = PBXFileReference; fileEncoding = 4; lastKnownFileType = sourcecode.c.objc; path = PetriGameGroupViewController.m; sourceTree = "<group>"; };
		6A5690421285ED480002C128 /* PetriGameplayViewController.h */ = {isa = PBXFileReference; fileEncoding = 4; lastKnownFileType = sourcecode.c.h; path = PetriGameplayViewController.h; sourceTree = "<group>"; };
		6A5690431285ED480002C128 /* PetriGameplayViewController.m */ = {isa = PBXFileReference; fileEncoding = 4; lastKnownFileType = sourcecode.c.objc; path = PetriGameplayViewController.m; sourceTree = "<group>"; };
		6A5690461285F6D20002C128 /* English */ = {isa = PBXFileReference; lastKnownFileType = file.xib; name = English; path = English.lproj/GameGroupView.xib; sourceTree = "<group>"; };
		6A5690481285F6E00002C128 /* English */ = {isa = PBXFileReference; lastKnownFileType = file.xib; name = English; path = English.lproj/GameplayView.xib; sourceTree = "<group>"; };
		6A5E852212AFD8AA00F4233A /* PetriCellTypeDisplayTransformer.h */ = {isa = PBXFileReference; fileEncoding = 4; lastKnownFileType = sourcecode.c.h; path = PetriCellTypeDisplayTransformer.h; sourceTree = "<group>"; };
		6A5E852312AFD8AA00F4233A /* PetriCellTypeDisplayTransformer.m */ = {isa = PBXFileReference; fileEncoding = 4; lastKnownFileType = sourcecode.c.objc; path = PetriCellTypeDisplayTransformer.m; sourceTree = "<group>"; };
		6A71D27112B2C4C800AC6F2B /* PetriNoLayerResizeAnimationView.h */ = {isa = PBXFileReference; fileEncoding = 4; lastKnownFileType = sourcecode.c.h; path = PetriNoLayerResizeAnimationView.h; sourceTree = "<group>"; };
		6A71D27212B2C4C800AC6F2B /* PetriNoLayerResizeAnimationView.m */ = {isa = PBXFileReference; fileEncoding = 4; lastKnownFileType = sourcecode.c.objc; path = PetriNoLayerResizeAnimationView.m; sourceTree = "<group>"; };
		6A7D5C8B129C790F00D7243F /* PetriSquareGridPieceLayer.h */ = {isa = PBXFileReference; fileEncoding = 4; lastKnownFileType = sourcecode.c.h; path = PetriSquareGridPieceLayer.h; sourceTree = "<group>"; };
		6A7D5C8C129C790F00D7243F /* PetriSquareGridPieceLayer.m */ = {isa = PBXFileReference; fileEncoding = 4; lastKnownFileType = sourcecode.c.objc; path = PetriSquareGridPieceLayer.m; sourceTree = "<group>"; };
		6A9430B4129B3F2A00A9F343 /* PetriSquareGridBoardLayer.h */ = {isa = PBXFileReference; fileEncoding = 4; lastKnownFileType = sourcecode.c.h; path = PetriSquareGridBoardLayer.h; sourceTree = "<group>"; };
		6A9430B5129B3F2A00A9F343 /* PetriSquareGridBoardLayer.m */ = {isa = PBXFileReference; fileEncoding = 4; lastKnownFileType = sourcecode.c.objc; path = PetriSquareGridBoardLayer.m; sourceTree = "<group>"; };
		6A9430B7129B3F2A00A9F343 /* PetriBoardLayer.h */ = {isa = PBXFileReference; fileEncoding = 4; lastKnownFileType = sourcecode.c.h; path = PetriBoardLayer.h; sourceTree = "<group>"; };
		6A9430B8129B3F2A00A9F343 /* PetriBoardLayer.m */ = {isa = PBXFileReference; fileEncoding = 4; lastKnownFileType = sourcecode.c.objc; path = PetriBoardLayer.m; sourceTree = "<group>"; };
		6A9430BA129B3F2A00A9F343 /* PetriBoardCellLayer.h */ = {isa = PBXFileReference; fileEncoding = 4; lastKnownFileType = sourcecode.c.h; path = PetriBoardCellLayer.h; sourceTree = "<group>"; };
		6A9430BB129B3F2A00A9F343 /* PetriBoardCellLayer.m */ = {isa = PBXFileReference; fileEncoding = 4; lastKnownFileType = sourcecode.c.objc; path = PetriBoardCellLayer.m; sourceTree = "<group>"; };
		6A9430BC129B3F2A00A9F343 /* PetriAspectRatioLayer.h */ = {isa = PBXFileReference; fileEncoding = 4; lastKnownFileType = sourcecode.c.h; path = PetriAspectRatioLayer.h; sourceTree = "<group>"; };
		6A9430BD129B3F2A00A9F343 /* PetriAspectRatioLayer.m */ = {isa = PBXFileReference; fileEncoding = 4; lastKnownFileType = sourcecode.c.objc; path = PetriAspectRatioLayer.m; sourceTree = "<group>"; };
		6A9430DF129B464000A9F343 /* PetriPlayerColorValueTransformer.h */ = {isa = PBXFileReference; fileEncoding = 4; lastKnownFileType = sourcecode.c.h; path = PetriPlayerColorValueTransformer.h; sourceTree = "<group>"; };
		6A9430E0129B464000A9F343 /* PetriPlayerColorValueTransformer.m */ = {isa = PBXFileReference; fileEncoding = 4; lastKnownFileType = sourcecode.c.objc; path = PetriPlayerColorValueTransformer.m; sourceTree = "<group>"; };
		6A9A49EE129DD9820033AA14 /* PetriSquareGridBoardTestCases.h */ = {isa = PBXFileReference; fileEncoding = 4; lastKnownFileType = sourcecode.c.h; path = PetriSquareGridBoardTestCases.h; sourceTree = "<group>"; };
		6A9A49EF129DD9820033AA14 /* PetriSquareGridBoardTestCases.m */ = {isa = PBXFileReference; fileEncoding = 4; lastKnownFileType = sourcecode.c.objc; path = PetriSquareGridBoardTestCases.m; sourceTree = "<group>"; };
		6A9DE8881275EF7400020AB9 /* Petri Unit Tests.octest */ = {isa = PBXFileReference; explicitFileType = wrapper.cfbundle; includeInIndex = 0; path = "Petri Unit Tests.octest"; sourceTree = BUILT_PRODUCTS_DIR; };
		6A9DE89D1275F95000020AB9 /* Petri Unit Tests-Info.plist */ = {isa = PBXFileReference; fileEncoding = 4; lastKnownFileType = text.plist.xml; path = "Petri Unit Tests-Info.plist"; sourceTree = "<group>"; };
		6A9DE8D11276020200020AB9 /* PetriUserTestCases.h */ = {isa = PBXFileReference; fileEncoding = 4; lastKnownFileType = sourcecode.c.h; path = PetriUserTestCases.h; sourceTree = "<group>"; };
		6A9DE8D21276020200020AB9 /* PetriUserTestCases.m */ = {isa = PBXFileReference; fileEncoding = 4; lastKnownFileType = sourcecode.c.objc; path = PetriUserTestCases.m; sourceTree = "<group>"; };
		6AA28D12129B76DB006FDE1F /* PetriMockGridBoard.h */ = {isa = PBXFileReference; fileEncoding = 4; lastKnownFileType = sourcecode.c.h; path = PetriMockGridBoard.h; sourceTree = "<group>"; };
		6AA28D13129B76DB006FDE1F /* PetriMockGridBoard.m */ = {isa = PBXFileReference; fileEncoding = 4; lastKnownFileType = sourcecode.c.objc; path = PetriMockGridBoard.m; sourceTree = "<group>"; };
		6AA28D14129B76DB006FDE1F /* PetriMockPlayer.h */ = {isa = PBXFileReference; fileEncoding = 4; lastKnownFileType = sourcecode.c.h; path = PetriMockPlayer.h; sourceTree = "<group>"; };
		6AA28D15129B76DB006FDE1F /* PetriMockPlayer.m */ = {isa = PBXFileReference; fileEncoding = 4; lastKnownFileType = sourcecode.c.objc; path = PetriMockPlayer.m; sourceTree = "<group>"; };
		6AA738E11265FB97003ABB43 /* English */ = {isa = PBXFileReference; fileEncoding = 4; lastKnownFileType = text.plist.strings; name = English; path = English.lproj/InfoPlist.strings; sourceTree = "<group>"; };
		6AA738E31265FB97003ABB43 /* English */ = {isa = PBXFileReference; lastKnownFileType = file.xib; name = English; path = English.lproj/MainMenu.xib; sourceTree = "<group>"; };
		6AA738E41265FB97003ABB43 /* Petri-Info.plist */ = {isa = PBXFileReference; fileEncoding = 4; lastKnownFileType = text.plist.xml; path = "Petri-Info.plist"; sourceTree = "<group>"; };
		6AA738EA1265FBB7003ABB43 /* PetriMainWindowController.h */ = {isa = PBXFileReference; fileEncoding = 4; lastKnownFileType = sourcecode.c.h; path = PetriMainWindowController.h; sourceTree = "<group>"; };
		6AA738EB1265FBB7003ABB43 /* PetriMainWindowController.m */ = {isa = PBXFileReference; fileEncoding = 4; lastKnownFileType = sourcecode.c.objc; path = PetriMainWindowController.m; sourceTree = "<group>"; };
		6AA738F31265FBB7003ABB43 /* main.m */ = {isa = PBXFileReference; fileEncoding = 4; lastKnownFileType = sourcecode.c.objc; path = main.m; sourceTree = "<group>"; };
		6AA738F41265FBB7003ABB43 /* Petri_Prefix.pch */ = {isa = PBXFileReference; fileEncoding = 4; lastKnownFileType = sourcecode.c.h; path = Petri_Prefix.pch; sourceTree = "<group>"; };
		6ACA2E5B12888EEE002DEBE1 /* PetriMainWindowViewController.h */ = {isa = PBXFileReference; fileEncoding = 4; lastKnownFileType = sourcecode.c.h; path = PetriMainWindowViewController.h; sourceTree = "<group>"; };
		6ACA2E5C12888EEE002DEBE1 /* PetriMainWindowViewController.m */ = {isa = PBXFileReference; fileEncoding = 4; lastKnownFileType = sourcecode.c.objc; path = PetriMainWindowViewController.m; sourceTree = "<group>"; };
		6AE75E3D128B0A12009F6BC5 /* PetriJoinGameViewController.h */ = {isa = PBXFileReference; fileEncoding = 4; lastKnownFileType = sourcecode.c.h; path = PetriJoinGameViewController.h; sourceTree = "<group>"; };
		6AE75E3E128B0A12009F6BC5 /* PetriJoinGameViewController.m */ = {isa = PBXFileReference; fileEncoding = 4; lastKnownFileType = sourcecode.c.objc; path = PetriJoinGameViewController.m; sourceTree = "<group>"; };
		6AE75E7B128B1717009F6BC5 /* English */ = {isa = PBXFileReference; lastKnownFileType = file.xib; name = English; path = English.lproj/JoinGameView.xib; sourceTree = "<group>"; };
		6AE75FBF128B8D20009F6BC5 /* Quartz.framework */ = {isa = PBXFileReference; lastKnownFileType = wrapper.framework; name = Quartz.framework; path = System/Library/Frameworks/Quartz.framework; sourceTree = SDKROOT; };
		6AE76033128BAB06009F6BC5 /* NSArray+Subranges.h */ = {isa = PBXFileReference; fileEncoding = 4; lastKnownFileType = sourcecode.c.h; path = "NSArray+Subranges.h"; sourceTree = "<group>"; };
		6AE76034128BAB06009F6BC5 /* NSArray+Subranges.m */ = {isa = PBXFileReference; fileEncoding = 4; lastKnownFileType = sourcecode.c.objc; path = "NSArray+Subranges.m"; sourceTree = "<group>"; };
		6AEF227612763160008D8828 /* PetriAIPlayerTestCases.h */ = {isa = PBXFileReference; fileEncoding = 4; lastKnownFileType = sourcecode.c.h; path = PetriAIPlayerTestCases.h; sourceTree = "<group>"; };
		6AEF227712763160008D8828 /* PetriAIPlayerTestCases.m */ = {isa = PBXFileReference; fileEncoding = 4; lastKnownFileType = sourcecode.c.objc; path = PetriAIPlayerTestCases.m; sourceTree = "<group>"; };
		6AEF22C51276397A008D8828 /* PetriUserPlayerTestCases.h */ = {isa = PBXFileReference; fileEncoding = 4; lastKnownFileType = sourcecode.c.h; path = PetriUserPlayerTestCases.h; sourceTree = "<group>"; };
		6AEF22C61276397A008D8828 /* PetriUserPlayerTestCases.m */ = {isa = PBXFileReference; fileEncoding = 4; lastKnownFileType = sourcecode.c.objc; path = PetriUserPlayerTestCases.m; sourceTree = "<group>"; };
		6AFFCD9C129B1AA200C49D42 /* PetriGameConfigurationTestCases.h */ = {isa = PBXFileReference; fileEncoding = 4; lastKnownFileType = sourcecode.c.h; path = PetriGameConfigurationTestCases.h; sourceTree = "<group>"; };
		6AFFCD9D129B1AA200C49D42 /* PetriGameConfigurationTestCases.m */ = {isa = PBXFileReference; fileEncoding = 4; lastKnownFileType = sourcecode.c.objc; path = PetriGameConfigurationTestCases.m; sourceTree = "<group>"; };
		8D1107320486CEB800E47090 /* Petri.app */ = {isa = PBXFileReference; explicitFileType = wrapper.application; includeInIndex = 0; path = Petri.app; sourceTree = BUILT_PRODUCTS_DIR; };
		FA260A2212AD671100B4E9F9 /* PetriBoardManager.h */ = {isa = PBXFileReference; fileEncoding = 4; lastKnownFileType = sourcecode.c.h; path = PetriBoardManager.h; sourceTree = "<group>"; };
		FA260A2312AD671100B4E9F9 /* PetriBoardManager.m */ = {isa = PBXFileReference; fileEncoding = 4; lastKnownFileType = sourcecode.c.objc; path = PetriBoardManager.m; sourceTree = "<group>"; };
		FA260A2512AD6A8400B4E9F9 /* PetriBoardManagerTestCases.h */ = {isa = PBXFileReference; fileEncoding = 4; lastKnownFileType = sourcecode.c.h; path = PetriBoardManagerTestCases.h; sourceTree = "<group>"; };
		FA260A2612AD6A8400B4E9F9 /* PetriBoardManagerTestCases.m */ = {isa = PBXFileReference; fileEncoding = 4; lastKnownFileType = sourcecode.c.objc; path = PetriBoardManagerTestCases.m; sourceTree = "<group>"; };
		FA547A6812A89BE500F14951 /* PetriBoardPrototype.h */ = {isa = PBXFileReference; fileEncoding = 4; lastKnownFileType = sourcecode.c.h; path = PetriBoardPrototype.h; sourceTree = "<group>"; };
		FA547A6912A89BE500F14951 /* PetriBoardPrototype.m */ = {isa = PBXFileReference; fileEncoding = 4; lastKnownFileType = sourcecode.c.objc; path = PetriBoardPrototype.m; sourceTree = "<group>"; };
		FA547A6B12A98D0300F14951 /* PetriBoardParameter.h */ = {isa = PBXFileReference; fileEncoding = 4; lastKnownFileType = sourcecode.c.h; path = PetriBoardParameter.h; sourceTree = "<group>"; };
		FA547A6C12A98D0300F14951 /* PetriBoardParameter.m */ = {isa = PBXFileReference; fileEncoding = 4; lastKnownFileType = sourcecode.c.objc; path = PetriBoardParameter.m; sourceTree = "<group>"; };
		FA591AA7129B8D7600210502 /* Petri2DCoordinates.h */ = {isa = PBXFileReference; fileEncoding = 4; lastKnownFileType = sourcecode.c.h; path = Petri2DCoordinates.h; sourceTree = "<group>"; };
		FA591AA8129B8D7600210502 /* Petri2DCoordinates.m */ = {isa = PBXFileReference; fileEncoding = 4; lastKnownFileType = sourcecode.c.objc; path = Petri2DCoordinates.m; sourceTree = "<group>"; };
		FA591ACA129B906600210502 /* Petri2DCoordinatesTestCases.h */ = {isa = PBXFileReference; fileEncoding = 4; lastKnownFileType = sourcecode.c.h; path = Petri2DCoordinatesTestCases.h; sourceTree = "<group>"; };
		FA591ACB129B906600210502 /* Petri2DCoordinatesTestCases.m */ = {isa = PBXFileReference; fileEncoding = 4; lastKnownFileType = sourcecode.c.objc; path = Petri2DCoordinatesTestCases.m; sourceTree = "<group>"; };
		FAB0331012788BBB00DC01F0 /* PetriGameTestCases.h */ = {isa = PBXFileReference; fileEncoding = 4; lastKnownFileType = sourcecode.c.h; path = PetriGameTestCases.h; sourceTree = "<group>"; };
		FAB0331112788BBB00DC01F0 /* PetriGameTestCases.m */ = {isa = PBXFileReference; fileEncoding = 4; lastKnownFileType = sourcecode.c.objc; path = PetriGameTestCases.m; sourceTree = "<group>"; };
		FAB033301278D71500DC01F0 /* PetriGridBoardTestCases.h */ = {isa = PBXFileReference; fileEncoding = 4; lastKnownFileType = sourcecode.c.h; path = PetriGridBoardTestCases.h; sourceTree = "<group>"; };
		FAB033311278D71500DC01F0 /* PetriGridBoardTestCases.m */ = {isa = PBXFileReference; fileEncoding = 4; lastKnownFileType = sourcecode.c.objc; path = PetriGridBoardTestCases.m; sourceTree = "<group>"; };
		FAB03384128885A000DC01F0 /* PetriGameGroupTestCases.h */ = {isa = PBXFileReference; fileEncoding = 4; lastKnownFileType = sourcecode.c.h; path = PetriGameGroupTestCases.h; sourceTree = "<group>"; };
		FAB03385128885A000DC01F0 /* PetriGameGroupTestCases.m */ = {isa = PBXFileReference; fileEncoding = 4; lastKnownFileType = sourcecode.c.objc; path = PetriGameGroupTestCases.m; sourceTree = "<group>"; };
		FADBA25912985812001EA149 /* PetriPlayerTestCases.h */ = {isa = PBXFileReference; fileEncoding = 4; lastKnownFileType = sourcecode.c.h; path = PetriPlayerTestCases.h; sourceTree = "<group>"; };
		FADBA25A12985812001EA149 /* PetriPlayerTestCases.m */ = {isa = PBXFileReference; fileEncoding = 4; lastKnownFileType = sourcecode.c.objc; path = PetriPlayerTestCases.m; sourceTree = "<group>"; };
		FADBA43B129AF9DE001EA149 /* BGHUDAppKit.framework */ = {isa = PBXFileReference; lastKnownFileType = wrapper.framework; name = BGHUDAppKit.framework; path = Frameworks/BGHUDAppKit.framework; sourceTree = "<group>"; };
		FADBA43D129AF9DE001EA149 /* BWToolkitFramework.framework */ = {isa = PBXFileReference; lastKnownFileType = wrapper.framework; name = BWToolkitFramework.framework; path = Frameworks/BWToolkitFramework.framework; sourceTree = "<group>"; };
		FAE7603512A468C4000F5C77 /* PetriMockGridPiece.h */ = {isa = PBXFileReference; fileEncoding = 4; lastKnownFileType = sourcecode.c.h; path = PetriMockGridPiece.h; sourceTree = "<group>"; };
		FAE7603612A468C4000F5C77 /* PetriMockGridPiece.m */ = {isa = PBXFileReference; fileEncoding = 4; lastKnownFileType = sourcecode.c.objc; path = PetriMockGridPiece.m; sourceTree = "<group>"; };
		FAE7603812A46915000F5C77 /* PetriGridPieceTestCases.h */ = {isa = PBXFileReference; fileEncoding = 4; lastKnownFileType = sourcecode.c.h; path = PetriGridPieceTestCases.h; sourceTree = "<group>"; };
		FAE7603912A46915000F5C77 /* PetriGridPieceTestCases.m */ = {isa = PBXFileReference; fileEncoding = 4; lastKnownFileType = sourcecode.c.objc; path = PetriGridPieceTestCases.m; sourceTree = "<group>"; };
/* End PBXFileReference section */

/* Begin PBXFrameworksBuildPhase section */
		6A9DE8851275EF7400020AB9 /* Frameworks */ = {
			isa = PBXFrameworksBuildPhase;
			buildActionMask = 2147483647;
			files = (
			);
			runOnlyForDeploymentPostprocessing = 0;
		};
		8D11072E0486CEB800E47090 /* Frameworks */ = {
			isa = PBXFrameworksBuildPhase;
			buildActionMask = 2147483647;
			files = (
				8D11072F0486CEB800E47090 /* Cocoa.framework in Frameworks */,
				6AE75FC0128B8D20009F6BC5 /* Quartz.framework in Frameworks */,
				FADBA467129AFA57001EA149 /* BGHUDAppKit.framework in Frameworks */,
				FADBA496129AFA60001EA149 /* BWToolkitFramework.framework in Frameworks */,
			);
			runOnlyForDeploymentPostprocessing = 0;
		};
/* End PBXFrameworksBuildPhase section */

/* Begin PBXGroup section */
		1058C7A0FEA54F0111CA2CBB /* Linked Frameworks */ = {
			isa = PBXGroup;
			children = (
				1058C7A1FEA54F0111CA2CBB /* Cocoa.framework */,
				6AE75FBF128B8D20009F6BC5 /* Quartz.framework */,
				FADBA43B129AF9DE001EA149 /* BGHUDAppKit.framework */,
				FADBA43D129AF9DE001EA149 /* BWToolkitFramework.framework */,
			);
			name = "Linked Frameworks";
			sourceTree = "<group>";
		};
		1058C7A2FEA54F0111CA2CBB /* Other Frameworks */ = {
			isa = PBXGroup;
			children = (
				29B97324FDCFA39411CA2CEA /* AppKit.framework */,
				13E42FB307B3F0F600E4EEF1 /* CoreData.framework */,
				29B97325FDCFA39411CA2CEA /* Foundation.framework */,
			);
			name = "Other Frameworks";
			sourceTree = "<group>";
		};
		19C28FACFE9D520D11CA2CBB /* Products */ = {
			isa = PBXGroup;
			children = (
				8D1107320486CEB800E47090 /* Petri.app */,
				6A9DE8881275EF7400020AB9 /* Petri Unit Tests.octest */,
			);
			name = Products;
			sourceTree = "<group>";
		};
		29B97314FDCFA39411CA2CEA /* Petri */ = {
			isa = PBXGroup;
			children = (
				6AA738E81265FBB7003ABB43 /* Source */,
				6A9DE8CE127601B500020AB9 /* Unit Tests */,
				29B97323FDCFA39411CA2CEA /* Frameworks */,
				6AA738DF1265FB97003ABB43 /* Resources */,
				19C28FACFE9D520D11CA2CBB /* Products */,
			);
			name = Petri;
			sourceTree = "<group>";
		};
		29B97323FDCFA39411CA2CEA /* Frameworks */ = {
			isa = PBXGroup;
			children = (
				1058C7A0FEA54F0111CA2CBB /* Linked Frameworks */,
				1058C7A2FEA54F0111CA2CBB /* Other Frameworks */,
			);
			name = Frameworks;
			sourceTree = "<group>";
		};
		6A03C3C112A41E95001F243A /* Superclass */ = {
			isa = PBXGroup;
			children = (
				6A03C3C212A41E95001F243A /* PetriPieceLayer.h */,
				6A03C3C312A41E95001F243A /* PetriPieceLayer.m */,
			);
			path = Superclass;
			sourceTree = "<group>";
		};
		6A03C46D12A44091001F243A /* Pieces */ = {
			isa = PBXGroup;
			children = (
				6A03C46F12A44091001F243A /* Interface */,
				6A03C46E12A44091001F243A /* Abstract Superclasses */,
				6A03C47012A44091001F243A /* Square Grid */,
			);
			path = Pieces;
			sourceTree = "<group>";
		};
		6A03C46E12A44091001F243A /* Abstract Superclasses */ = {
			isa = PBXGroup;
			children = (
				6A03C47412A440D7001F243A /* PetriGridPiece.h */,
				6A03C47512A440D7001F243A /* PetriGridPiece.m */,
			);
			path = "Abstract Superclasses";
			sourceTree = "<group>";
		};
		6A03C46F12A44091001F243A /* Interface */ = {
			isa = PBXGroup;
			children = (
				6A515D7412A4490200EABDAB /* PetriPiece.h */,
			);
			path = Interface;
			sourceTree = "<group>";
		};
		6A03C47012A44091001F243A /* Square Grid */ = {
			isa = PBXGroup;
			children = (
				6A03C47112A44091001F243A /* PetriSquareGridPiece.h */,
				6A03C47212A44091001F243A /* PetriSquareGridPiece.m */,
			);
			path = "Square Grid";
			sourceTree = "<group>";
		};
		6A0B311112A1A28200366122 /* Configuration */ = {
			isa = PBXGroup;
			children = (
				6A0B311212A1A28200366122 /* PetriGameConfiguration.h */,
				6A0B311312A1A28200366122 /* PetriGameConfiguration.m */,
				FA547A6812A89BE500F14951 /* PetriBoardPrototype.h */,
				FA547A6912A89BE500F14951 /* PetriBoardPrototype.m */,
				FA547A6B12A98D0300F14951 /* PetriBoardParameter.h */,
				FA547A6C12A98D0300F14951 /* PetriBoardParameter.m */,
			);
			path = Configuration;
			sourceTree = "<group>";
		};
		6A21A8071299A2370054B8F0 /* Abstract Superclasses */ = {
			isa = PBXGroup;
			children = (
				6A21A8081299A2370054B8F0 /* PetriGridBoard.h */,
				6A21A8091299A2370054B8F0 /* PetriGridBoard.m */,
			);
			path = "Abstract Superclasses";
			sourceTree = "<group>";
		};
		6A21A80A1299A2370054B8F0 /* Interface */ = {
			isa = PBXGroup;
			children = (
				6A21A80B1299A2370054B8F0 /* PetriBoard.h */,
			);
			path = Interface;
			sourceTree = "<group>";
		};
		6A21A80C1299A2370054B8F0 /* Square Grid */ = {
			isa = PBXGroup;
			children = (
				6A21A80D1299A2370054B8F0 /* PetriSquareGridBoard.h */,
				6A21A80E1299A2370054B8F0 /* PetriSquareGridBoard.m */,
			);
			path = "Square Grid";
			sourceTree = "<group>";
		};
		6A3DB08F129B9CD900D37405 /* Views */ = {
			isa = PBXGroup;
			children = (
				6A71D27012B2C4C800AC6F2B /* Superclass */,
				6A48E9BC12AEF34A00DA4B81 /* PetriBoardPrototypeView.h */,
				6A48E9BD12AEF34A00DA4B81 /* PetriBoardPrototypeView.m */,
				6A3DB093129B9D2B00D37405 /* PetriGameplayView.h */,
				6A3DB094129B9D2B00D37405 /* PetriGameplayView.m */,
			);
			path = Views;
			sourceTree = "<group>";
		};
		6A4722F312A6ECE800D5F67C /* Containers */ = {
			isa = PBXGroup;
			children = (
				6A4722F412A6ECE800D5F67C /* PetriPieceContainerLayer.h */,
				6A4722F512A6ECE800D5F67C /* PetriPieceContainerLayer.m */,
				6A4722F612A6ECE800D5F67C /* PetriPlayersListContainerLayer.h */,
				6A4722F712A6ECE800D5F67C /* PetriPlayersListContainerLayer.m */,
			);
			path = Containers;
			sourceTree = "<group>";
		};
		6A4A15A712662EA500429714 /* Users */ = {
			isa = PBXGroup;
			children = (
				6A4A15CB1266351400429714 /* PetriUser.h */,
				6A4A15CC1266351400429714 /* PetriUser.m */,
				6A4A15A412662EA000429714 /* PetriGameGroup.h */,
				6A4A15A512662EA000429714 /* PetriGameGroup.m */,
			);
			name = Users;
			sourceTree = "<group>";
		};
		6A4A15D512663B7800429714 /* Game */ = {
			isa = PBXGroup;
			children = (
				6A4A15EB12663C1500429714 /* PetriGame.h */,
				6A4A15EC12663C1600429714 /* PetriGame.m */,
				6A4A15DC12663B7900429714 /* Players */,
				6A0B311112A1A28200366122 /* Configuration */,
				6A4A15D612663B7800429714 /* Board */,
				6A03C46D12A44091001F243A /* Pieces */,
				6A4A160012663EFC00429714 /* Items */,
			);
			path = Game;
			sourceTree = "<group>";
		};
		6A4A15D612663B7800429714 /* Board */ = {
			isa = PBXGroup;
			children = (
				6A21A80A1299A2370054B8F0 /* Interface */,
				6A21A8071299A2370054B8F0 /* Abstract Superclasses */,
				6A21A80C1299A2370054B8F0 /* Square Grid */,
				6A4A15D912663B7800429714 /* PetriBoardCell.h */,
				6A4A15DA12663B7800429714 /* PetriBoardCell.m */,
				6A4A15DB12663B7800429714 /* PetriCellType.h */,
				FA591AA7129B8D7600210502 /* Petri2DCoordinates.h */,
				FA591AA8129B8D7600210502 /* Petri2DCoordinates.m */,
				FA260A2212AD671100B4E9F9 /* PetriBoardManager.h */,
				FA260A2312AD671100B4E9F9 /* PetriBoardManager.m */,
			);
			path = Board;
			sourceTree = "<group>";
		};
		6A4A15DC12663B7900429714 /* Players */ = {
			isa = PBXGroup;
			children = (
				6A4A15DF12663B7900429714 /* PetriPlayer.h */,
				6A4A15E012663B7900429714 /* PetriPlayer.m */,
				6A4A15DD12663B7900429714 /* PetriAIPlayer.h */,
				6A4A15DE12663B7900429714 /* PetriAIPlayer.m */,
				6A4A15E112663B7900429714 /* PetriUserPlayer.h */,
				6A4A15E212663B7900429714 /* PetriUserPlayer.m */,
			);
			path = Players;
			sourceTree = "<group>";
		};
		6A4A160012663EFC00429714 /* Items */ = {
			isa = PBXGroup;
			children = (
				6A4A160112663EFC00429714 /* PetriItem.h */,
				6A4A160212663EFD00429714 /* PetriItem.m */,
			);
			path = Items;
			sourceTree = "<group>";
		};
		6A5690331285DC9A0002C128 /* View Controllers */ = {
			isa = PBXGroup;
			children = (
				6ACA2E5A12888EEE002DEBE1 /* Superclass */,
				6A5690341285DC9A0002C128 /* PetriTitleViewController.h */,
				6A5690351285DC9A0002C128 /* PetriTitleViewController.m */,
				6AE75E3D128B0A12009F6BC5 /* PetriJoinGameViewController.h */,
				6AE75E3E128B0A12009F6BC5 /* PetriJoinGameViewController.m */,
				6A56903F1285ED2E0002C128 /* PetriGameGroupViewController.h */,
				6A5690401285ED2E0002C128 /* PetriGameGroupViewController.m */,
				6A5690421285ED480002C128 /* PetriGameplayViewController.h */,
				6A5690431285ED480002C128 /* PetriGameplayViewController.m */,
			);
			path = "View Controllers";
			sourceTree = "<group>";
		};
		6A71D27012B2C4C800AC6F2B /* Superclass */ = {
			isa = PBXGroup;
			children = (
				6A71D27112B2C4C800AC6F2B /* PetriNoLayerResizeAnimationView.h */,
				6A71D27212B2C4C800AC6F2B /* PetriNoLayerResizeAnimationView.m */,
			);
			path = Superclass;
			sourceTree = "<group>";
		};
		6A7D5C8A129C790F00D7243F /* Pieces */ = {
			isa = PBXGroup;
			children = (
				6A03C3C112A41E95001F243A /* Superclass */,
				6A7D5C8B129C790F00D7243F /* PetriSquareGridPieceLayer.h */,
				6A7D5C8C129C790F00D7243F /* PetriSquareGridPieceLayer.m */,
			);
			path = Pieces;
			sourceTree = "<group>";
		};
		6A9430B2129B3F2A00A9F343 /* Layers */ = {
			isa = PBXGroup;
			children = (
				6A9430B3129B3F2A00A9F343 /* Board */,
				6A9430B9129B3F2A00A9F343 /* Cells */,
				6A7D5C8A129C790F00D7243F /* Pieces */,
				6A4722F312A6ECE800D5F67C /* Containers */,
				6A9430BC129B3F2A00A9F343 /* PetriAspectRatioLayer.h */,
				6A9430BD129B3F2A00A9F343 /* PetriAspectRatioLayer.m */,
			);
			path = Layers;
			sourceTree = "<group>";
		};
		6A9430B3129B3F2A00A9F343 /* Board */ = {
			isa = PBXGroup;
			children = (
				6A9430B6129B3F2A00A9F343 /* Superclass */,
				6A9430B4129B3F2A00A9F343 /* PetriSquareGridBoardLayer.h */,
				6A9430B5129B3F2A00A9F343 /* PetriSquareGridBoardLayer.m */,
			);
			path = Board;
			sourceTree = "<group>";
		};
		6A9430B6129B3F2A00A9F343 /* Superclass */ = {
			isa = PBXGroup;
			children = (
				6A9430B7129B3F2A00A9F343 /* PetriBoardLayer.h */,
				6A9430B8129B3F2A00A9F343 /* PetriBoardLayer.m */,
			);
			path = Superclass;
			sourceTree = "<group>";
		};
		6A9430B9129B3F2A00A9F343 /* Cells */ = {
			isa = PBXGroup;
			children = (
				6A9430BA129B3F2A00A9F343 /* PetriBoardCellLayer.h */,
				6A9430BB129B3F2A00A9F343 /* PetriBoardCellLayer.m */,
			);
			path = Cells;
			sourceTree = "<group>";
		};
		6A9430DE129B464000A9F343 /* Value Transformers */ = {
			isa = PBXGroup;
			children = (
				6A9430DF129B464000A9F343 /* PetriPlayerColorValueTransformer.h */,
				6A9430E0129B464000A9F343 /* PetriPlayerColorValueTransformer.m */,
				6A5E852212AFD8AA00F4233A /* PetriCellTypeDisplayTransformer.h */,
				6A5E852312AFD8AA00F4233A /* PetriCellTypeDisplayTransformer.m */,
			);
			path = "Value Transformers";
			sourceTree = "<group>";
		};
		6A9DE8CE127601B500020AB9 /* Unit Tests */ = {
			isa = PBXGroup;
			children = (
				6AA28D11129B76DB006FDE1F /* Mock Classes */,
				FA591ACA129B906600210502 /* Petri2DCoordinatesTestCases.h */,
				FA591ACB129B906600210502 /* Petri2DCoordinatesTestCases.m */,
				6AEF227612763160008D8828 /* PetriAIPlayerTestCases.h */,
				6AEF227712763160008D8828 /* PetriAIPlayerTestCases.m */,
				64C7E6691278F1F800B040F8 /* PetriBoardCellTestCases.h */,
				64C7E66A1278F1F800B040F8 /* PetriBoardCellTestCases.m */,
				FAB0331012788BBB00DC01F0 /* PetriGameTestCases.h */,
				FAB0331112788BBB00DC01F0 /* PetriGameTestCases.m */,
				6AFFCD9C129B1AA200C49D42 /* PetriGameConfigurationTestCases.h */,
				6AFFCD9D129B1AA200C49D42 /* PetriGameConfigurationTestCases.m */,
				FAB03384128885A000DC01F0 /* PetriGameGroupTestCases.h */,
				FAB03385128885A000DC01F0 /* PetriGameGroupTestCases.m */,
				FAB033301278D71500DC01F0 /* PetriGridBoardTestCases.h */,
				FAB033311278D71500DC01F0 /* PetriGridBoardTestCases.m */,
				FAE7603812A46915000F5C77 /* PetriGridPieceTestCases.h */,
				FAE7603912A46915000F5C77 /* PetriGridPieceTestCases.m */,
				64C7E6721278F2D600B040F8 /* PetriItemTestCases.h */,
				64C7E6731278F2D600B040F8 /* PetriItemTestCases.m */,
				6A21A9F91299CF6B0054B8F0 /* PetriModelTestCases.h */,
				6A21A9FA1299CF6B0054B8F0 /* PetriModelTestCases.m */,
				FADBA25912985812001EA149 /* PetriPlayerTestCases.h */,
				FADBA25A12985812001EA149 /* PetriPlayerTestCases.m */,
				6A9A49EE129DD9820033AA14 /* PetriSquareGridBoardTestCases.h */,
				6A9A49EF129DD9820033AA14 /* PetriSquareGridBoardTestCases.m */,
				64C7E66C1278F24200B040F8 /* PetriSquareGridPieceTestCases.h */,
				64C7E66D1278F24200B040F8 /* PetriSquareGridPieceTestCases.m */,
				6A9DE8D11276020200020AB9 /* PetriUserTestCases.h */,
				6A9DE8D21276020200020AB9 /* PetriUserTestCases.m */,
				6AEF22C51276397A008D8828 /* PetriUserPlayerTestCases.h */,
				6AEF22C61276397A008D8828 /* PetriUserPlayerTestCases.m */,
				FAE7603812A46915000F5C77 /* PetriGridPieceTestCases.h */,
				FAE7603912A46915000F5C77 /* PetriGridPieceTestCases.m */,
				FA260A2512AD6A8400B4E9F9 /* PetriBoardManagerTestCases.h */,
				FA260A2612AD6A8400B4E9F9 /* PetriBoardManagerTestCases.m */,
			);
			path = "Unit Tests";
			sourceTree = "<group>";
		};
		6AA28D11129B76DB006FDE1F /* Mock Classes */ = {
			isa = PBXGroup;
			children = (
				6AA28D12129B76DB006FDE1F /* PetriMockGridBoard.h */,
				6AA28D13129B76DB006FDE1F /* PetriMockGridBoard.m */,
				6AA28D14129B76DB006FDE1F /* PetriMockPlayer.h */,
				6AA28D15129B76DB006FDE1F /* PetriMockPlayer.m */,
				FAE7603512A468C4000F5C77 /* PetriMockGridPiece.h */,
				FAE7603612A468C4000F5C77 /* PetriMockGridPiece.m */,
			);
			path = "Mock Classes";
			sourceTree = "<group>";
		};
		6AA738DF1265FB97003ABB43 /* Resources */ = {
			isa = PBXGroup;
			children = (
				6A9DE89D1275F95000020AB9 /* Petri Unit Tests-Info.plist */,
				6AA738E01265FB97003ABB43 /* InfoPlist.strings */,
				6AA738E21265FB97003ABB43 /* MainMenu.xib */,
				6AA738E41265FB97003ABB43 /* Petri-Info.plist */,
				6A5690391285ECAD0002C128 /* TitleView.xib */,
				6AE75E7D128B171C009F6BC5 /* JoinGameView.xib */,
				6A56904C1285F6F20002C128 /* GameGroupView.xib */,
				6A56904A1285F6EA0002C128 /* GameplayView.xib */,
			);
			path = Resources;
			sourceTree = "<group>";
		};
		6AA738E81265FBB7003ABB43 /* Source */ = {
			isa = PBXGroup;
			children = (
				6AA738EC1265FBB7003ABB43 /* Model */,
				6AA738F61265FBB7003ABB43 /* View */,
				6AA738E91265FBB7003ABB43 /* Controller */,
				6AA738F51265FBB7003ABB43 /* Utility */,
				6AA738F21265FBB7003ABB43 /* Others */,
			);
			path = Source;
			sourceTree = "<group>";
		};
		6AA738E91265FBB7003ABB43 /* Controller */ = {
			isa = PBXGroup;
			children = (
				6A5690331285DC9A0002C128 /* View Controllers */,
				6AA738EA1265FBB7003ABB43 /* PetriMainWindowController.h */,
				6AA738EB1265FBB7003ABB43 /* PetriMainWindowController.m */,
			);
			path = Controller;
			sourceTree = "<group>";
		};
		6AA738EC1265FBB7003ABB43 /* Model */ = {
			isa = PBXGroup;
			children = (
				6A12DE5012945ACD007333FA /* PetriModel.h */,
				6A12DE5112945ACD007333FA /* PetriModel.m */,
				6A4A15A712662EA500429714 /* Users */,
				6A4A15D512663B7800429714 /* Game */,
			);
			path = Model;
			sourceTree = "<group>";
		};
		6AA738F21265FBB7003ABB43 /* Others */ = {
			isa = PBXGroup;
			children = (
				6AA738F31265FBB7003ABB43 /* main.m */,
				6AA738F41265FBB7003ABB43 /* Petri_Prefix.pch */,
			);
			path = Others;
			sourceTree = "<group>";
		};
		6AA738F51265FBB7003ABB43 /* Utility */ = {
			isa = PBXGroup;
			children = (
				6A9430DE129B464000A9F343 /* Value Transformers */,
				6AE76033128BAB06009F6BC5 /* NSArray+Subranges.h */,
				6AE76034128BAB06009F6BC5 /* NSArray+Subranges.m */,
				6A112E851299F8BE002A930D /* CALayer+ConstraintSets.h */,
				6A112E861299F8BE002A930D /* CALayer+ConstraintSets.m */,
			);
			path = Utility;
			sourceTree = "<group>";
		};
		6AA738F61265FBB7003ABB43 /* View */ = {
			isa = PBXGroup;
			children = (
				6A3DB08F129B9CD900D37405 /* Views */,
				6A9430B2129B3F2A00A9F343 /* Layers */,
			);
			path = View;
			sourceTree = "<group>";
		};
		6ACA2E5A12888EEE002DEBE1 /* Superclass */ = {
			isa = PBXGroup;
			children = (
				6ACA2E5B12888EEE002DEBE1 /* PetriMainWindowViewController.h */,
				6ACA2E5C12888EEE002DEBE1 /* PetriMainWindowViewController.m */,
			);
			path = Superclass;
			sourceTree = "<group>";
		};
/* End PBXGroup section */

/* Begin PBXNativeTarget section */
		6A9DE8871275EF7400020AB9 /* Petri Unit Tests */ = {
			isa = PBXNativeTarget;
			buildConfigurationList = 6A9DE88C1275EF7400020AB9 /* Build configuration list for PBXNativeTarget "Petri Unit Tests" */;
			buildPhases = (
				6A9DE8831275EF7400020AB9 /* Resources */,
				6A9DE8841275EF7400020AB9 /* Sources */,
				6A9DE8851275EF7400020AB9 /* Frameworks */,
				6A9DE8861275EF7400020AB9 /* Run Unit Tests */,
			);
			buildRules = (
			);
			dependencies = (
				6A9DE88E1275F11F00020AB9 /* PBXTargetDependency */,
			);
			name = "Petri Unit Tests";
			productName = "Petri Unit Tests";
			productReference = 6A9DE8881275EF7400020AB9 /* Petri Unit Tests.octest */;
			productType = "com.apple.product-type.bundle";
		};
		8D1107260486CEB800E47090 /* Petri */ = {
			isa = PBXNativeTarget;
			buildConfigurationList = C01FCF4A08A954540054247B /* Build configuration list for PBXNativeTarget "Petri" */;
			buildPhases = (
				8D1107290486CEB800E47090 /* Resources */,
				6A51CE19129890F500D5ECDE /* Copy Frameworks */,
				8D11072C0486CEB800E47090 /* Sources */,
				8D11072E0486CEB800E47090 /* Frameworks */,
				6AA7393B12661531003ABB43 /* Generate Doxygen Documentation */,
			);
			buildRules = (
			);
			dependencies = (
			);
			name = Petri;
			productInstallPath = "$(HOME)/Applications";
			productName = Petri;
			productReference = 8D1107320486CEB800E47090 /* Petri.app */;
			productType = "com.apple.product-type.application";
		};
/* End PBXNativeTarget section */

/* Begin PBXProject section */
		29B97313FDCFA39411CA2CEA /* Project object */ = {
			isa = PBXProject;
			attributes = {
				ORGANIZATIONNAME = "Alex Heinz, Paul Martin, and Alex Rozenshteyn";
			};
			buildConfigurationList = C01FCF4E08A954540054247B /* Build configuration list for PBXProject "Petri" */;
			compatibilityVersion = "Xcode 3.1";
			developmentRegion = English;
			hasScannedForEncodings = 1;
			knownRegions = (
				English,
				Japanese,
				French,
				German,
			);
			mainGroup = 29B97314FDCFA39411CA2CEA /* Petri */;
			projectDirPath = "";
			projectRoot = "";
			targets = (
				8D1107260486CEB800E47090 /* Petri */,
				6A9DE8871275EF7400020AB9 /* Petri Unit Tests */,
			);
		};
/* End PBXProject section */

/* Begin PBXResourcesBuildPhase section */
		6A9DE8831275EF7400020AB9 /* Resources */ = {
			isa = PBXResourcesBuildPhase;
			buildActionMask = 2147483647;
			files = (
			);
			runOnlyForDeploymentPostprocessing = 0;
		};
		8D1107290486CEB800E47090 /* Resources */ = {
			isa = PBXResourcesBuildPhase;
			buildActionMask = 2147483647;
			files = (
				6AA738E51265FB97003ABB43 /* InfoPlist.strings in Resources */,
				6AA738E61265FB97003ABB43 /* MainMenu.xib in Resources */,
				6A56903B1285ECB50002C128 /* TitleView.xib in Resources */,
				6A56904D1285F6F20002C128 /* GameGroupView.xib in Resources */,
				6A56904B1285F6EA0002C128 /* GameplayView.xib in Resources */,
				6AE75E7E128B171C009F6BC5 /* JoinGameView.xib in Resources */,
			);
			runOnlyForDeploymentPostprocessing = 0;
		};
/* End PBXResourcesBuildPhase section */

/* Begin PBXShellScriptBuildPhase section */
		6A9DE8861275EF7400020AB9 /* Run Unit Tests */ = {
			isa = PBXShellScriptBuildPhase;
			buildActionMask = 2147483647;
			comments = "Run Unit Tests";
			files = (
			);
			inputPaths = (
			);
			name = "Run Unit Tests";
			outputPaths = (
			);
			runOnlyForDeploymentPostprocessing = 0;
			shellPath = /bin/sh;
			shellScript = "# Check if unit tests should be run on this build\nif [ ${RUN_UNIT_TESTS} = \"NO\" ]\nthen\n\texit 0\nfi\n\n# Run the unit tests in this test bundle.\n\"${SYSTEM_DEVELOPER_DIR}/Tools/RunUnitTests\"\n";
		};
		6AA7393B12661531003ABB43 /* Generate Doxygen Documentation */ = {
			isa = PBXShellScriptBuildPhase;
			buildActionMask = 2147483647;
			comments = "Generate Doxygen Documentation";
			files = (
			);
			inputPaths = (
			);
			name = "Generate Doxygen Documentation";
			outputPaths = (
			);
			runOnlyForDeploymentPostprocessing = 0;
			shellPath = /bin/sh;
			shellScript = "export PATH=/usr/local/bin:$PATH:$HOME/bin\ndoxygen doc/Doxyfile\n";
		};
/* End PBXShellScriptBuildPhase section */

/* Begin PBXSourcesBuildPhase section */
		6A9DE8841275EF7400020AB9 /* Sources */ = {
			isa = PBXSourcesBuildPhase;
			buildActionMask = 2147483647;
			files = (
				6A9DE8D31276020200020AB9 /* PetriUserTestCases.m in Sources */,
				6AEF227812763160008D8828 /* PetriAIPlayerTestCases.m in Sources */,
				6AEF22C71276397A008D8828 /* PetriUserPlayerTestCases.m in Sources */,
				FAB0331212788BBB00DC01F0 /* PetriGameTestCases.m in Sources */,
				FAB033321278D71500DC01F0 /* PetriGridBoardTestCases.m in Sources */,
				64C7E66E1278F24200B040F8 /* PetriSquareGridPieceTestCases.m in Sources */,
				64C7E6741278F2D600B040F8 /* PetriItemTestCases.m in Sources */,
				6491819A1279228900A185C2 /* PetriBoardCellTestCases.m in Sources */,
				FAB03386128885A000DC01F0 /* PetriGameGroupTestCases.m in Sources */,
				FADBA25B12985812001EA149 /* PetriPlayerTestCases.m in Sources */,
				6A21A9FB1299CF6B0054B8F0 /* PetriModelTestCases.m in Sources */,
				6AFFCD9E129B1AA200C49D42 /* PetriGameConfigurationTestCases.m in Sources */,
				6AA28D16129B76DB006FDE1F /* PetriMockGridBoard.m in Sources */,
				6AA28D17129B76DB006FDE1F /* PetriMockPlayer.m in Sources */,
				FA591AD3129B926B00210502 /* Petri2DCoordinatesTestCases.m in Sources */,
				6A9A49F0129DD9820033AA14 /* PetriSquareGridBoardTestCases.m in Sources */,
				FAE7603712A468C4000F5C77 /* PetriMockGridPiece.m in Sources */,
				FAE7603A12A46915000F5C77 /* PetriGridPieceTestCases.m in Sources */,
				FA260A2712AD6A8400B4E9F9 /* PetriBoardManagerTestCases.m in Sources */,
			);
			runOnlyForDeploymentPostprocessing = 0;
		};
		8D11072C0486CEB800E47090 /* Sources */ = {
			isa = PBXSourcesBuildPhase;
			buildActionMask = 2147483647;
			files = (
				6AA738F71265FBB7003ABB43 /* PetriMainWindowController.m in Sources */,
				6AA738FA1265FBB7003ABB43 /* main.m in Sources */,
				6A4A15A612662EA000429714 /* PetriGameGroup.m in Sources */,
				6A4A15CD1266351400429714 /* PetriUser.m in Sources */,
				6A4A15E412663B7900429714 /* PetriBoardCell.m in Sources */,
				6A4A15E512663B7900429714 /* PetriAIPlayer.m in Sources */,
				6A4A15E612663B7900429714 /* PetriPlayer.m in Sources */,
				6A4A15E712663B7900429714 /* PetriUserPlayer.m in Sources */,
				6A4A15ED12663C1600429714 /* PetriGame.m in Sources */,
				6A4A160312663EFD00429714 /* PetriItem.m in Sources */,
				6A56903C1285ECCA0002C128 /* PetriTitleViewController.m in Sources */,
				6A5690441285ED480002C128 /* PetriGameplayViewController.m in Sources */,
				6A5690451285ED530002C128 /* PetriGameGroupViewController.m in Sources */,
				6ACA2E5D12888EEE002DEBE1 /* PetriMainWindowViewController.m in Sources */,
				6AE75E3F128B0A12009F6BC5 /* PetriJoinGameViewController.m in Sources */,
				6AE76035128BAB06009F6BC5 /* NSArray+Subranges.m in Sources */,
				6A12DE5212945ACD007333FA /* PetriModel.m in Sources */,
				6A21A80F1299A2370054B8F0 /* PetriGridBoard.m in Sources */,
				6A21A8101299A2370054B8F0 /* PetriSquareGridBoard.m in Sources */,
				6A112E871299F8BE002A930D /* CALayer+ConstraintSets.m in Sources */,
				6A9430BE129B3F2A00A9F343 /* PetriSquareGridBoardLayer.m in Sources */,
				6A9430BF129B3F2A00A9F343 /* PetriBoardLayer.m in Sources */,
				6A9430C0129B3F2A00A9F343 /* PetriBoardCellLayer.m in Sources */,
				6A9430C1129B3F2A00A9F343 /* PetriAspectRatioLayer.m in Sources */,
				6A9430E1129B464000A9F343 /* PetriPlayerColorValueTransformer.m in Sources */,
				FA591AA9129B8D7600210502 /* Petri2DCoordinates.m in Sources */,
				6A3DB095129B9D2B00D37405 /* PetriGameplayView.m in Sources */,
				6A7D5C8D129C790F00D7243F /* PetriSquareGridPieceLayer.m in Sources */,
				6A0B311412A1A28200366122 /* PetriGameConfiguration.m in Sources */,
				6A03C3C412A41E95001F243A /* PetriPieceLayer.m in Sources */,
				6A03C47312A44091001F243A /* PetriSquareGridPiece.m in Sources */,
				6A03C47612A440D7001F243A /* PetriGridPiece.m in Sources */,
				6A4722F812A6ECE800D5F67C /* PetriPieceContainerLayer.m in Sources */,
				6A4722F912A6ECE800D5F67C /* PetriPlayersListContainerLayer.m in Sources */,
				FA547A6A12A89BE500F14951 /* PetriBoardPrototype.m in Sources */,
				FA547A6D12A98D0300F14951 /* PetriBoardParameter.m in Sources */,
				FA260A2412AD671100B4E9F9 /* PetriBoardManager.m in Sources */,
				6A48E9BE12AEF34A00DA4B81 /* PetriBoardPrototypeView.m in Sources */,
				6A5E852412AFD8AA00F4233A /* PetriCellTypeDisplayTransformer.m in Sources */,
				6A71D27312B2C4C800AC6F2B /* PetriNoLayerResizeAnimationView.m in Sources */,
			);
			runOnlyForDeploymentPostprocessing = 0;
		};
/* End PBXSourcesBuildPhase section */

/* Begin PBXTargetDependency section */
		6A9DE88E1275F11F00020AB9 /* PBXTargetDependency */ = {
			isa = PBXTargetDependency;
			target = 8D1107260486CEB800E47090 /* Petri */;
			targetProxy = 6A9DE88D1275F11F00020AB9 /* PBXContainerItemProxy */;
		};
/* End PBXTargetDependency section */

/* Begin PBXVariantGroup section */
		6A5690391285ECAD0002C128 /* TitleView.xib */ = {
			isa = PBXVariantGroup;
			children = (
				6A5690371285ECA70002C128 /* English */,
			);
			name = TitleView.xib;
			sourceTree = "<group>";
		};
		6A56904A1285F6EA0002C128 /* GameplayView.xib */ = {
			isa = PBXVariantGroup;
			children = (
				6A5690481285F6E00002C128 /* English */,
			);
			name = GameplayView.xib;
			sourceTree = "<group>";
		};
		6A56904C1285F6F20002C128 /* GameGroupView.xib */ = {
			isa = PBXVariantGroup;
			children = (
				6A5690461285F6D20002C128 /* English */,
			);
			name = GameGroupView.xib;
			sourceTree = "<group>";
		};
		6AA738E01265FB97003ABB43 /* InfoPlist.strings */ = {
			isa = PBXVariantGroup;
			children = (
				6AA738E11265FB97003ABB43 /* English */,
			);
			name = InfoPlist.strings;
			sourceTree = "<group>";
		};
		6AA738E21265FB97003ABB43 /* MainMenu.xib */ = {
			isa = PBXVariantGroup;
			children = (
				6AA738E31265FB97003ABB43 /* English */,
			);
			name = MainMenu.xib;
			sourceTree = "<group>";
		};
		6AE75E7D128B171C009F6BC5 /* JoinGameView.xib */ = {
			isa = PBXVariantGroup;
			children = (
				6AE75E7B128B1717009F6BC5 /* English */,
			);
			name = JoinGameView.xib;
			sourceTree = "<group>";
		};
/* End PBXVariantGroup section */

/* Begin XCBuildConfiguration section */
		6A0A998F128768BC00067953 /* Debug (Static Analyzer) */ = {
			isa = XCBuildConfiguration;
			buildSettings = {
				ARCHS = "$(NATIVE_ARCH_ACTUAL)";
				GCC_C_LANGUAGE_STANDARD = gnu99;
				GCC_ENABLE_OBJC_GC = required;
				GCC_OPTIMIZATION_LEVEL = 0;
				GCC_VERSION = com.apple.compilers.llvm.clang.1_0;
				GCC_WARN_ABOUT_MISSING_NEWLINE = YES;
				GCC_WARN_ABOUT_RETURN_TYPE = YES;
				GCC_WARN_CHECK_SWITCH_STATEMENTS = YES;
				GCC_WARN_MISSING_PARENTHESES = YES;
				GCC_WARN_SIGN_COMPARE = YES;
				GCC_WARN_UNUSED_LABEL = YES;
				GCC_WARN_UNUSED_VALUE = YES;
				GCC_WARN_UNUSED_VARIABLE = YES;
				ONLY_ACTIVE_ARCH = YES;
				PREBINDING = NO;
				RUN_CLANG_STATIC_ANALYZER = YES;
				SDKROOT = macosx10.6;
			};
			name = "Debug (Static Analyzer)";
		};
		6A0A9990128768BC00067953 /* Debug (Static Analyzer) */ = {
			isa = XCBuildConfiguration;
			buildSettings = {
				ALWAYS_SEARCH_USER_PATHS = NO;
				COPY_PHASE_STRIP = NO;
				FRAMEWORK_SEARCH_PATHS = (
					"$(inherited)",
					"\"$(SRCROOT)/Frameworks\"",
				);
				GCC_DYNAMIC_NO_PIC = NO;
				GCC_ENABLE_FIX_AND_CONTINUE = YES;
				GCC_MODEL_TUNING = G5;
				GCC_OPTIMIZATION_LEVEL = 0;
				GCC_PRECOMPILE_PREFIX_HEADER = YES;
				GCC_PREFIX_HEADER = Source/Others/Petri_Prefix.pch;
				INFOPLIST_FILE = "Resources/Petri-Info.plist";
				INSTALL_PATH = "$(HOME)/Applications";
				PRODUCT_NAME = Petri;
			};
			name = "Debug (Static Analyzer)";
		};
		6A0A9991128768BC00067953 /* Debug (Static Analyzer) */ = {
			isa = XCBuildConfiguration;
			buildSettings = {
				ALWAYS_SEARCH_USER_PATHS = NO;
				BUNDLE_LOADER = "$(BUILT_PRODUCTS_DIR)/Petri.app/Contents/MacOS/Petri";
				COPY_PHASE_STRIP = NO;
				FRAMEWORK_SEARCH_PATHS = (
					"$(DEVELOPER_LIBRARY_DIR)/Frameworks",
					"\"$(SRCROOT)/Frameworks\"",
				);
				GCC_DYNAMIC_NO_PIC = NO;
				GCC_ENABLE_FIX_AND_CONTINUE = NO;
				GCC_ENABLE_OBJC_EXCEPTIONS = YES;
				GCC_MODEL_TUNING = G5;
				GCC_OPTIMIZATION_LEVEL = 0;
				GCC_PRECOMPILE_PREFIX_HEADER = YES;
				GCC_PREFIX_HEADER = "$(SYSTEM_LIBRARY_DIR)/Frameworks/Cocoa.framework/Headers/Cocoa.h";
				INFOPLIST_FILE = "Resources/Petri Unit Tests-Info.plist";
				INSTALL_PATH = "$(USER_LIBRARY_DIR)/Bundles";
				OTHER_LDFLAGS = (
					"-framework",
					Cocoa,
					"-framework",
					SenTestingKit,
				);
				PREBINDING = NO;
				PRODUCT_NAME = "Petri Unit Tests";
				RUN_UNIT_TESTS = NO;
				TEST_HOST = "$(BUILT_PRODUCTS_DIR)/Petri.app/Contents/MacOS/Petri";
				WRAPPER_EXTENSION = octest;
			};
			name = "Debug (Static Analyzer)";
		};
		6A12DE35129458E4007333FA /* Debug (Build Only) */ = {
			isa = XCBuildConfiguration;
			buildSettings = {
				ARCHS = "$(NATIVE_ARCH_ACTUAL)";
				GCC_C_LANGUAGE_STANDARD = gnu99;
				GCC_ENABLE_OBJC_GC = required;
				GCC_OPTIMIZATION_LEVEL = 0;
				GCC_VERSION = com.apple.compilers.llvm.clang.1_0;
				GCC_WARN_ABOUT_MISSING_NEWLINE = YES;
				GCC_WARN_ABOUT_RETURN_TYPE = YES;
				GCC_WARN_CHECK_SWITCH_STATEMENTS = YES;
				GCC_WARN_MISSING_PARENTHESES = YES;
				GCC_WARN_SIGN_COMPARE = YES;
				GCC_WARN_UNUSED_LABEL = YES;
				GCC_WARN_UNUSED_VALUE = YES;
				GCC_WARN_UNUSED_VARIABLE = YES;
				ONLY_ACTIVE_ARCH = YES;
				PREBINDING = NO;
				SDKROOT = macosx10.6;
			};
			name = "Debug (Build Only)";
		};
		6A12DE36129458E4007333FA /* Debug (Build Only) */ = {
			isa = XCBuildConfiguration;
			buildSettings = {
				ALWAYS_SEARCH_USER_PATHS = NO;
				COPY_PHASE_STRIP = NO;
				FRAMEWORK_SEARCH_PATHS = (
					"$(inherited)",
					"\"$(SRCROOT)/Frameworks\"",
				);
				GCC_DYNAMIC_NO_PIC = NO;
				GCC_ENABLE_FIX_AND_CONTINUE = YES;
				GCC_MODEL_TUNING = G5;
				GCC_OPTIMIZATION_LEVEL = 0;
				GCC_PRECOMPILE_PREFIX_HEADER = YES;
				GCC_PREFIX_HEADER = Source/Others/Petri_Prefix.pch;
				INFOPLIST_FILE = "Resources/Petri-Info.plist";
				INSTALL_PATH = "$(HOME)/Applications";
				PRODUCT_NAME = Petri;
			};
			name = "Debug (Build Only)";
		};
		6A12DE37129458E4007333FA /* Debug (Build Only) */ = {
			isa = XCBuildConfiguration;
			buildSettings = {
				ALWAYS_SEARCH_USER_PATHS = NO;
				BUNDLE_LOADER = "$(BUILT_PRODUCTS_DIR)/Petri.app/Contents/MacOS/Petri";
				COPY_PHASE_STRIP = NO;
				FRAMEWORK_SEARCH_PATHS = (
					"$(DEVELOPER_LIBRARY_DIR)/Frameworks",
					"\"$(SRCROOT)/Frameworks\"",
				);
				GCC_DYNAMIC_NO_PIC = NO;
				GCC_ENABLE_FIX_AND_CONTINUE = NO;
				GCC_ENABLE_OBJC_EXCEPTIONS = YES;
				GCC_MODEL_TUNING = G5;
				GCC_OPTIMIZATION_LEVEL = 0;
				GCC_PRECOMPILE_PREFIX_HEADER = YES;
				GCC_PREFIX_HEADER = "$(SYSTEM_LIBRARY_DIR)/Frameworks/Cocoa.framework/Headers/Cocoa.h";
				INFOPLIST_FILE = "Resources/Petri Unit Tests-Info.plist";
				INSTALL_PATH = "$(USER_LIBRARY_DIR)/Bundles";
				OTHER_LDFLAGS = (
					"-framework",
					Cocoa,
					"-framework",
					SenTestingKit,
				);
				PREBINDING = NO;
				PRODUCT_NAME = "Petri Unit Tests";
				RUN_UNIT_TESTS = NO;
				TEST_HOST = "$(BUILT_PRODUCTS_DIR)/Petri.app/Contents/MacOS/Petri";
				WRAPPER_EXTENSION = octest;
			};
			name = "Debug (Build Only)";
		};
		6A9DE88A1275EF7400020AB9 /* Debug */ = {
			isa = XCBuildConfiguration;
			buildSettings = {
				ALWAYS_SEARCH_USER_PATHS = NO;
				BUNDLE_LOADER = "$(BUILT_PRODUCTS_DIR)/Petri.app/Contents/MacOS/Petri";
				COPY_PHASE_STRIP = NO;
				FRAMEWORK_SEARCH_PATHS = (
					"$(DEVELOPER_LIBRARY_DIR)/Frameworks",
					"\"$(SRCROOT)/Frameworks\"",
				);
				GCC_DYNAMIC_NO_PIC = NO;
				GCC_ENABLE_FIX_AND_CONTINUE = NO;
				GCC_ENABLE_OBJC_EXCEPTIONS = YES;
				GCC_MODEL_TUNING = G5;
				GCC_OPTIMIZATION_LEVEL = 0;
				GCC_PRECOMPILE_PREFIX_HEADER = YES;
				GCC_PREFIX_HEADER = "$(SYSTEM_LIBRARY_DIR)/Frameworks/Cocoa.framework/Headers/Cocoa.h";
				INFOPLIST_FILE = "Resources/Petri Unit Tests-Info.plist";
				INSTALL_PATH = "$(USER_LIBRARY_DIR)/Bundles";
				OTHER_LDFLAGS = (
					"-framework",
					Cocoa,
					"-framework",
					SenTestingKit,
				);
				PREBINDING = NO;
				PRODUCT_NAME = "Petri Unit Tests";
				RUN_UNIT_TESTS = YES;
				TEST_HOST = "$(BUILT_PRODUCTS_DIR)/Petri.app/Contents/MacOS/Petri";
				WRAPPER_EXTENSION = octest;
			};
			name = Debug;
		};
		6A9DE88B1275EF7400020AB9 /* Release */ = {
			isa = XCBuildConfiguration;
			buildSettings = {
				ALWAYS_SEARCH_USER_PATHS = NO;
				BUNDLE_LOADER = "$(BUILT_PRODUCTS_DIR)/Petri.app/Contents/MacOS/Petri";
				COPY_PHASE_STRIP = YES;
				DEBUG_INFORMATION_FORMAT = "dwarf-with-dsym";
				FRAMEWORK_SEARCH_PATHS = (
					"$(DEVELOPER_LIBRARY_DIR)/Frameworks",
					"\"$(SRCROOT)/Frameworks\"",
				);
				GCC_ENABLE_FIX_AND_CONTINUE = NO;
				GCC_ENABLE_OBJC_EXCEPTIONS = YES;
				GCC_MODEL_TUNING = G5;
				GCC_PRECOMPILE_PREFIX_HEADER = YES;
				GCC_PREFIX_HEADER = "$(SYSTEM_LIBRARY_DIR)/Frameworks/Cocoa.framework/Headers/Cocoa.h";
				INFOPLIST_FILE = "Resources/Petri Unit Tests-Info.plist";
				INSTALL_PATH = "$(USER_LIBRARY_DIR)/Bundles";
				OTHER_LDFLAGS = (
					"-framework",
					Cocoa,
					"-framework",
					SenTestingKit,
				);
				PREBINDING = NO;
				PRODUCT_NAME = "Petri Unit Tests";
				RUN_UNIT_TESTS = YES;
				TEST_HOST = "$(BUILT_PRODUCTS_DIR)/Petri.app/Contents/MacOS/Petri";
				WRAPPER_EXTENSION = octest;
				ZERO_LINK = NO;
			};
			name = Release;
		};
		C01FCF4B08A954540054247B /* Debug */ = {
			isa = XCBuildConfiguration;
			buildSettings = {
				ALWAYS_SEARCH_USER_PATHS = NO;
				COPY_PHASE_STRIP = NO;
				FRAMEWORK_SEARCH_PATHS = (
					"$(inherited)",
					"\"$(SRCROOT)/Frameworks\"",
				);
				GCC_DYNAMIC_NO_PIC = NO;
				GCC_ENABLE_FIX_AND_CONTINUE = YES;
				GCC_MODEL_TUNING = G5;
				GCC_OPTIMIZATION_LEVEL = 0;
				GCC_PRECOMPILE_PREFIX_HEADER = YES;
				GCC_PREFIX_HEADER = Source/Others/Petri_Prefix.pch;
				INFOPLIST_FILE = "Resources/Petri-Info.plist";
				INSTALL_PATH = "$(HOME)/Applications";
				PRODUCT_NAME = Petri;
			};
			name = Debug;
		};
		C01FCF4C08A954540054247B /* Release */ = {
			isa = XCBuildConfiguration;
			buildSettings = {
				ALWAYS_SEARCH_USER_PATHS = NO;
				DEBUG_INFORMATION_FORMAT = "dwarf-with-dsym";
				FRAMEWORK_SEARCH_PATHS = (
					"$(inherited)",
					"\"$(SRCROOT)/Frameworks\"",
				);
				GCC_MODEL_TUNING = G5;
				GCC_PRECOMPILE_PREFIX_HEADER = YES;
				GCC_PREFIX_HEADER = Source/Others/Petri_Prefix.pch;
				INFOPLIST_FILE = "Resources/Petri-Info.plist";
				INSTALL_PATH = "$(HOME)/Applications";
				PRODUCT_NAME = Petri;
			};
			name = Release;
		};
		C01FCF4F08A954540054247B /* Debug */ = {
			isa = XCBuildConfiguration;
			buildSettings = {
				ARCHS = "$(NATIVE_ARCH_ACTUAL)";
				GCC_C_LANGUAGE_STANDARD = gnu99;
				GCC_ENABLE_OBJC_GC = required;
				GCC_OPTIMIZATION_LEVEL = 0;
				GCC_VERSION = com.apple.compilers.llvm.clang.1_0;
				GCC_WARN_ABOUT_MISSING_NEWLINE = YES;
				GCC_WARN_ABOUT_RETURN_TYPE = YES;
				GCC_WARN_CHECK_SWITCH_STATEMENTS = YES;
				GCC_WARN_MISSING_PARENTHESES = YES;
				GCC_WARN_SIGN_COMPARE = YES;
				GCC_WARN_UNUSED_LABEL = YES;
				GCC_WARN_UNUSED_VALUE = YES;
				GCC_WARN_UNUSED_VARIABLE = YES;
				ONLY_ACTIVE_ARCH = YES;
				PREBINDING = NO;
				SDKROOT = macosx10.6;
			};
			name = Debug;
		};
		C01FCF5008A954540054247B /* Release */ = {
			isa = XCBuildConfiguration;
			buildSettings = {
				ARCHS = "$(ARCHS_STANDARD_32_64_BIT)";
				GCC_C_LANGUAGE_STANDARD = gnu99;
				GCC_ENABLE_OBJC_GC = required;
				GCC_VERSION = com.apple.compilers.llvm.clang.1_0;
				GCC_WARN_ABOUT_RETURN_TYPE = YES;
				GCC_WARN_UNUSED_VARIABLE = YES;
				PREBINDING = NO;
				SDKROOT = macosx10.6;
			};
			name = Release;
		};
/* End XCBuildConfiguration section */

/* Begin XCConfigurationList section */
		6A9DE88C1275EF7400020AB9 /* Build configuration list for PBXNativeTarget "Petri Unit Tests" */ = {
			isa = XCConfigurationList;
			buildConfigurations = (
				6A9DE88A1275EF7400020AB9 /* Debug */,
				6A12DE37129458E4007333FA /* Debug (Build Only) */,
				6A0A9991128768BC00067953 /* Debug (Static Analyzer) */,
				6A9DE88B1275EF7400020AB9 /* Release */,
			);
			defaultConfigurationIsVisible = 0;
			defaultConfigurationName = Release;
		};
		C01FCF4A08A954540054247B /* Build configuration list for PBXNativeTarget "Petri" */ = {
			isa = XCConfigurationList;
			buildConfigurations = (
				C01FCF4B08A954540054247B /* Debug */,
				6A12DE36129458E4007333FA /* Debug (Build Only) */,
				6A0A9990128768BC00067953 /* Debug (Static Analyzer) */,
				C01FCF4C08A954540054247B /* Release */,
			);
			defaultConfigurationIsVisible = 0;
			defaultConfigurationName = Release;
		};
		C01FCF4E08A954540054247B /* Build configuration list for PBXProject "Petri" */ = {
			isa = XCConfigurationList;
			buildConfigurations = (
				C01FCF4F08A954540054247B /* Debug */,
				6A12DE35129458E4007333FA /* Debug (Build Only) */,
				6A0A998F128768BC00067953 /* Debug (Static Analyzer) */,
				C01FCF5008A954540054247B /* Release */,
			);
			defaultConfigurationIsVisible = 0;
			defaultConfigurationName = Release;
		};
/* End XCConfigurationList section */
	};
	rootObject = 29B97313FDCFA39411CA2CEA /* Project object */;
}
