// !$*UTF8*$!
{
	archiveVersion = 1;
	classes = {
	};
	objectVersion = 45;
	objects = {

/* Begin PBXBuildFile section */
		64753E42128BA8FD00868EBB /* PetriBoardLocationTestCases.m in Sources */ = {isa = PBXBuildFile; fileRef = 64753E41128BA8FD00868EBB /* PetriBoardLocationTestCases.m */; };
		6491819A1279228900A185C2 /* PetriBoardCellTestCases.m in Sources */ = {isa = PBXBuildFile; fileRef = 64C7E66A1278F1F800B040F8 /* PetriBoardCellTestCases.m */; };
		64C53263128B1374005B61D2 /* PetriBoardLocation.m in Sources */ = {isa = PBXBuildFile; fileRef = 64C53262128B1374005B61D2 /* PetriBoardLocation.m */; };
		64C7E66E1278F24200B040F8 /* PetriPieceTestCases.m in Sources */ = {isa = PBXBuildFile; fileRef = 64C7E66D1278F24200B040F8 /* PetriPieceTestCases.m */; };
		64C7E6741278F2D600B040F8 /* PetriItemTestCases.m in Sources */ = {isa = PBXBuildFile; fileRef = 64C7E6731278F2D600B040F8 /* PetriItemTestCases.m */; };
		6A0A9A3612876E7100067953 /* PetriMainWindowToolbarController.m in Sources */ = {isa = PBXBuildFile; fileRef = 6A0A9A3512876E7100067953 /* PetriMainWindowToolbarController.m */; };
		6A4A15A612662EA000429714 /* PetriGameGroup.m in Sources */ = {isa = PBXBuildFile; fileRef = 6A4A15A512662EA000429714 /* PetriGameGroup.m */; };
		6A4A15CD1266351400429714 /* PetriUser.m in Sources */ = {isa = PBXBuildFile; fileRef = 6A4A15CC1266351400429714 /* PetriUser.m */; };
		6A4A15E312663B7900429714 /* PetriBoard.m in Sources */ = {isa = PBXBuildFile; fileRef = 6A4A15D812663B7800429714 /* PetriBoard.m */; };
		6A4A15E412663B7900429714 /* PetriBoardCell.m in Sources */ = {isa = PBXBuildFile; fileRef = 6A4A15DA12663B7800429714 /* PetriBoardCell.m */; };
		6A4A15E512663B7900429714 /* PetriAIPlayer.m in Sources */ = {isa = PBXBuildFile; fileRef = 6A4A15DE12663B7900429714 /* PetriAIPlayer.m */; };
		6A4A15E612663B7900429714 /* PetriPlayer.m in Sources */ = {isa = PBXBuildFile; fileRef = 6A4A15E012663B7900429714 /* PetriPlayer.m */; };
		6A4A15E712663B7900429714 /* PetriUserPlayer.m in Sources */ = {isa = PBXBuildFile; fileRef = 6A4A15E212663B7900429714 /* PetriUserPlayer.m */; };
		6A4A15ED12663C1600429714 /* PetriGame.m in Sources */ = {isa = PBXBuildFile; fileRef = 6A4A15EC12663C1600429714 /* PetriGame.m */; };
		6A4A160312663EFD00429714 /* PetriItem.m in Sources */ = {isa = PBXBuildFile; fileRef = 6A4A160212663EFD00429714 /* PetriItem.m */; };
		6A4A161112663F4200429714 /* PetriPiece.m in Sources */ = {isa = PBXBuildFile; fileRef = 6A4A161012663F4100429714 /* PetriPiece.m */; };
		6A4A161612663F8600429714 /* PetriGameRules.m in Sources */ = {isa = PBXBuildFile; fileRef = 6A4A161512663F8500429714 /* PetriGameRules.m */; };
		6A56903B1285ECB50002C128 /* TitleView.xib in Resources */ = {isa = PBXBuildFile; fileRef = 6A5690391285ECAD0002C128 /* TitleView.xib */; };
		6A56903C1285ECCA0002C128 /* PetriTitleViewController.m in Sources */ = {isa = PBXBuildFile; fileRef = 6A5690351285DC9A0002C128 /* PetriTitleViewController.m */; };
		6A5690441285ED480002C128 /* PetriGameplayViewController.m in Sources */ = {isa = PBXBuildFile; fileRef = 6A5690431285ED480002C128 /* PetriGameplayViewController.m */; };
		6A5690451285ED530002C128 /* PetriGameGroupViewController.m in Sources */ = {isa = PBXBuildFile; fileRef = 6A5690401285ED2E0002C128 /* PetriGameGroupViewController.m */; };
		6A56904B1285F6EA0002C128 /* GameplayView.xib in Resources */ = {isa = PBXBuildFile; fileRef = 6A56904A1285F6EA0002C128 /* GameplayView.xib */; };
		6A56904D1285F6F20002C128 /* GameGroupView.xib in Resources */ = {isa = PBXBuildFile; fileRef = 6A56904C1285F6F20002C128 /* GameGroupView.xib */; };
		6A9DE8D31276020200020AB9 /* PetriUserTestCases.m in Sources */ = {isa = PBXBuildFile; fileRef = 6A9DE8D21276020200020AB9 /* PetriUserTestCases.m */; };
		6AA738E51265FB97003ABB43 /* InfoPlist.strings in Resources */ = {isa = PBXBuildFile; fileRef = 6AA738E01265FB97003ABB43 /* InfoPlist.strings */; };
		6AA738E61265FB97003ABB43 /* MainMenu.xib in Resources */ = {isa = PBXBuildFile; fileRef = 6AA738E21265FB97003ABB43 /* MainMenu.xib */; };
		6AA738F71265FBB7003ABB43 /* PetriMainWindowController.m in Sources */ = {isa = PBXBuildFile; fileRef = 6AA738EB1265FBB7003ABB43 /* PetriMainWindowController.m */; };
		6AA738FA1265FBB7003ABB43 /* main.m in Sources */ = {isa = PBXBuildFile; fileRef = 6AA738F31265FBB7003ABB43 /* main.m */; };
		6ACA2E5D12888EEE002DEBE1 /* PetriMainWindowViewController.m in Sources */ = {isa = PBXBuildFile; fileRef = 6ACA2E5C12888EEE002DEBE1 /* PetriMainWindowViewController.m */; };
		6AE75E3F128B0A12009F6BC5 /* PetriJoinGameViewController.m in Sources */ = {isa = PBXBuildFile; fileRef = 6AE75E3E128B0A12009F6BC5 /* PetriJoinGameViewController.m */; };
		6AE75E7E128B171C009F6BC5 /* JoinGameView.xib in Resources */ = {isa = PBXBuildFile; fileRef = 6AE75E7D128B171C009F6BC5 /* JoinGameView.xib */; };
		6AE75FC0128B8D20009F6BC5 /* Quartz.framework in Frameworks */ = {isa = PBXBuildFile; fileRef = 6AE75FBF128B8D20009F6BC5 /* Quartz.framework */; };
		6AE76035128BAB06009F6BC5 /* NSArray+Subranges.m in Sources */ = {isa = PBXBuildFile; fileRef = 6AE76034128BAB06009F6BC5 /* NSArray+Subranges.m */; };
		6AEF227812763160008D8828 /* PetriAIPlayerTestCases.m in Sources */ = {isa = PBXBuildFile; fileRef = 6AEF227712763160008D8828 /* PetriAIPlayerTestCases.m */; };
		6AEF22C71276397A008D8828 /* PetriUserPlayerTestCases.m in Sources */ = {isa = PBXBuildFile; fileRef = 6AEF22C61276397A008D8828 /* PetriUserPlayerTestCases.m */; };
		8D11072F0486CEB800E47090 /* Cocoa.framework in Frameworks */ = {isa = PBXBuildFile; fileRef = 1058C7A1FEA54F0111CA2CBB /* Cocoa.framework */; };
		FAB0331212788BBB00DC01F0 /* PetriGameTestCases.m in Sources */ = {isa = PBXBuildFile; fileRef = FAB0331112788BBB00DC01F0 /* PetriGameTestCases.m */; };
		FAB033321278D71500DC01F0 /* PetriBoardTestCases.m in Sources */ = {isa = PBXBuildFile; fileRef = FAB033311278D71500DC01F0 /* PetriBoardTestCases.m */; };
		FAB033391278D9E600DC01F0 /* PetriGameRulesTestCases.m in Sources */ = {isa = PBXBuildFile; fileRef = FAB033381278D9E600DC01F0 /* PetriGameRulesTestCases.m */; };
		FAB03386128885A000DC01F0 /* PetriGameGroupTestCases.m in Sources */ = {isa = PBXBuildFile; fileRef = FAB03385128885A000DC01F0 /* PetriGameGroupTestCases.m */; };
/* End PBXBuildFile section */

/* Begin PBXContainerItemProxy section */
		6A9DE88D1275F11F00020AB9 /* PBXContainerItemProxy */ = {
			isa = PBXContainerItemProxy;
			containerPortal = 29B97313FDCFA39411CA2CEA /* Project object */;
			proxyType = 1;
			remoteGlobalIDString = 8D1107260486CEB800E47090;
			remoteInfo = Petri;
		};
/* End PBXContainerItemProxy section */

/* Begin PBXFileReference section */
		1058C7A1FEA54F0111CA2CBB /* Cocoa.framework */ = {isa = PBXFileReference; lastKnownFileType = wrapper.framework; name = Cocoa.framework; path = /System/Library/Frameworks/Cocoa.framework; sourceTree = "<absolute>"; };
		13E42FB307B3F0F600E4EEF1 /* CoreData.framework */ = {isa = PBXFileReference; lastKnownFileType = wrapper.framework; name = CoreData.framework; path = /System/Library/Frameworks/CoreData.framework; sourceTree = "<absolute>"; };
		29B97324FDCFA39411CA2CEA /* AppKit.framework */ = {isa = PBXFileReference; lastKnownFileType = wrapper.framework; name = AppKit.framework; path = /System/Library/Frameworks/AppKit.framework; sourceTree = "<absolute>"; };
		29B97325FDCFA39411CA2CEA /* Foundation.framework */ = {isa = PBXFileReference; lastKnownFileType = wrapper.framework; name = Foundation.framework; path = /System/Library/Frameworks/Foundation.framework; sourceTree = "<absolute>"; };
		64753E40128BA8FD00868EBB /* PetriBoardLocationTestCases.h */ = {isa = PBXFileReference; fileEncoding = 4; lastKnownFileType = sourcecode.c.h; path = PetriBoardLocationTestCases.h; sourceTree = "<group>"; };
		64753E41128BA8FD00868EBB /* PetriBoardLocationTestCases.m */ = {isa = PBXFileReference; fileEncoding = 4; lastKnownFileType = sourcecode.c.objc; path = PetriBoardLocationTestCases.m; sourceTree = "<group>"; };
		64C53261128B1374005B61D2 /* PetriBoardLocation.h */ = {isa = PBXFileReference; fileEncoding = 4; lastKnownFileType = sourcecode.c.h; path = PetriBoardLocation.h; sourceTree = "<group>"; };
		64C53262128B1374005B61D2 /* PetriBoardLocation.m */ = {isa = PBXFileReference; fileEncoding = 4; lastKnownFileType = sourcecode.c.objc; path = PetriBoardLocation.m; sourceTree = "<group>"; };
		64C7E6691278F1F800B040F8 /* PetriBoardCellTestCases.h */ = {isa = PBXFileReference; fileEncoding = 4; lastKnownFileType = sourcecode.c.h; path = PetriBoardCellTestCases.h; sourceTree = "<group>"; };
		64C7E66A1278F1F800B040F8 /* PetriBoardCellTestCases.m */ = {isa = PBXFileReference; fileEncoding = 4; lastKnownFileType = sourcecode.c.objc; path = PetriBoardCellTestCases.m; sourceTree = "<group>"; };
		64C7E66C1278F24200B040F8 /* PetriPieceTestCases.h */ = {isa = PBXFileReference; fileEncoding = 4; lastKnownFileType = sourcecode.c.h; path = PetriPieceTestCases.h; sourceTree = "<group>"; };
		64C7E66D1278F24200B040F8 /* PetriPieceTestCases.m */ = {isa = PBXFileReference; fileEncoding = 4; lastKnownFileType = sourcecode.c.objc; path = PetriPieceTestCases.m; sourceTree = "<group>"; };
		64C7E6721278F2D600B040F8 /* PetriItemTestCases.h */ = {isa = PBXFileReference; fileEncoding = 4; lastKnownFileType = sourcecode.c.h; path = PetriItemTestCases.h; sourceTree = "<group>"; };
		64C7E6731278F2D600B040F8 /* PetriItemTestCases.m */ = {isa = PBXFileReference; fileEncoding = 4; lastKnownFileType = sourcecode.c.objc; path = PetriItemTestCases.m; sourceTree = "<group>"; };
		6A0A9A3412876E7100067953 /* PetriMainWindowToolbarController.h */ = {isa = PBXFileReference; fileEncoding = 4; lastKnownFileType = sourcecode.c.h; path = PetriMainWindowToolbarController.h; sourceTree = "<group>"; };
		6A0A9A3512876E7100067953 /* PetriMainWindowToolbarController.m */ = {isa = PBXFileReference; fileEncoding = 4; lastKnownFileType = sourcecode.c.objc; path = PetriMainWindowToolbarController.m; sourceTree = "<group>"; };
		6A4A15A412662EA000429714 /* PetriGameGroup.h */ = {isa = PBXFileReference; fileEncoding = 4; lastKnownFileType = sourcecode.c.h; name = PetriGameGroup.h; path = Users/PetriGameGroup.h; sourceTree = "<group>"; };
		6A4A15A512662EA000429714 /* PetriGameGroup.m */ = {isa = PBXFileReference; fileEncoding = 4; lastKnownFileType = sourcecode.c.objc; name = PetriGameGroup.m; path = Users/PetriGameGroup.m; sourceTree = "<group>"; };
		6A4A15CB1266351400429714 /* PetriUser.h */ = {isa = PBXFileReference; fileEncoding = 4; lastKnownFileType = sourcecode.c.h; name = PetriUser.h; path = Users/PetriUser.h; sourceTree = "<group>"; };
		6A4A15CC1266351400429714 /* PetriUser.m */ = {isa = PBXFileReference; fileEncoding = 4; lastKnownFileType = sourcecode.c.objc; name = PetriUser.m; path = Users/PetriUser.m; sourceTree = "<group>"; };
		6A4A15D712663B7800429714 /* PetriBoard.h */ = {isa = PBXFileReference; fileEncoding = 4; lastKnownFileType = sourcecode.c.h; path = PetriBoard.h; sourceTree = "<group>"; };
		6A4A15D812663B7800429714 /* PetriBoard.m */ = {isa = PBXFileReference; fileEncoding = 4; lastKnownFileType = sourcecode.c.objc; path = PetriBoard.m; sourceTree = "<group>"; };
		6A4A15D912663B7800429714 /* PetriBoardCell.h */ = {isa = PBXFileReference; fileEncoding = 4; lastKnownFileType = sourcecode.c.h; path = PetriBoardCell.h; sourceTree = "<group>"; };
		6A4A15DA12663B7800429714 /* PetriBoardCell.m */ = {isa = PBXFileReference; fileEncoding = 4; lastKnownFileType = sourcecode.c.objc; path = PetriBoardCell.m; sourceTree = "<group>"; };
		6A4A15DB12663B7800429714 /* PetriCellType.h */ = {isa = PBXFileReference; fileEncoding = 4; lastKnownFileType = sourcecode.c.h; path = PetriCellType.h; sourceTree = "<group>"; };
		6A4A15DD12663B7900429714 /* PetriAIPlayer.h */ = {isa = PBXFileReference; fileEncoding = 4; lastKnownFileType = sourcecode.c.h; path = PetriAIPlayer.h; sourceTree = "<group>"; };
		6A4A15DE12663B7900429714 /* PetriAIPlayer.m */ = {isa = PBXFileReference; fileEncoding = 4; lastKnownFileType = sourcecode.c.objc; path = PetriAIPlayer.m; sourceTree = "<group>"; };
		6A4A15DF12663B7900429714 /* PetriPlayer.h */ = {isa = PBXFileReference; fileEncoding = 4; lastKnownFileType = sourcecode.c.h; path = PetriPlayer.h; sourceTree = "<group>"; };
		6A4A15E012663B7900429714 /* PetriPlayer.m */ = {isa = PBXFileReference; fileEncoding = 4; lastKnownFileType = sourcecode.c.objc; path = PetriPlayer.m; sourceTree = "<group>"; };
		6A4A15E112663B7900429714 /* PetriUserPlayer.h */ = {isa = PBXFileReference; fileEncoding = 4; lastKnownFileType = sourcecode.c.h; path = PetriUserPlayer.h; sourceTree = "<group>"; };
		6A4A15E212663B7900429714 /* PetriUserPlayer.m */ = {isa = PBXFileReference; fileEncoding = 4; lastKnownFileType = sourcecode.c.objc; path = PetriUserPlayer.m; sourceTree = "<group>"; };
		6A4A15EB12663C1500429714 /* PetriGame.h */ = {isa = PBXFileReference; fileEncoding = 4; lastKnownFileType = sourcecode.c.h; path = PetriGame.h; sourceTree = "<group>"; };
		6A4A15EC12663C1600429714 /* PetriGame.m */ = {isa = PBXFileReference; fileEncoding = 4; lastKnownFileType = sourcecode.c.objc; path = PetriGame.m; sourceTree = "<group>"; };
		6A4A160112663EFC00429714 /* PetriItem.h */ = {isa = PBXFileReference; fileEncoding = 4; lastKnownFileType = sourcecode.c.h; path = PetriItem.h; sourceTree = "<group>"; };
		6A4A160212663EFD00429714 /* PetriItem.m */ = {isa = PBXFileReference; fileEncoding = 4; lastKnownFileType = sourcecode.c.objc; path = PetriItem.m; sourceTree = "<group>"; };
		6A4A160F12663F4100429714 /* PetriPiece.h */ = {isa = PBXFileReference; fileEncoding = 4; lastKnownFileType = sourcecode.c.h; path = PetriPiece.h; sourceTree = "<group>"; };
		6A4A161012663F4100429714 /* PetriPiece.m */ = {isa = PBXFileReference; fileEncoding = 4; lastKnownFileType = sourcecode.c.objc; path = PetriPiece.m; sourceTree = "<group>"; };
		6A4A161412663F8500429714 /* PetriGameRules.h */ = {isa = PBXFileReference; fileEncoding = 4; lastKnownFileType = sourcecode.c.h; path = PetriGameRules.h; sourceTree = "<group>"; };
		6A4A161512663F8500429714 /* PetriGameRules.m */ = {isa = PBXFileReference; fileEncoding = 4; lastKnownFileType = sourcecode.c.objc; path = PetriGameRules.m; sourceTree = "<group>"; };
		6A5690341285DC9A0002C128 /* PetriTitleViewController.h */ = {isa = PBXFileReference; fileEncoding = 4; lastKnownFileType = sourcecode.c.h; path = PetriTitleViewController.h; sourceTree = "<group>"; };
		6A5690351285DC9A0002C128 /* PetriTitleViewController.m */ = {isa = PBXFileReference; fileEncoding = 4; lastKnownFileType = sourcecode.c.objc; path = PetriTitleViewController.m; sourceTree = "<group>"; };
		6A5690371285ECA70002C128 /* English */ = {isa = PBXFileReference; lastKnownFileType = file.xib; name = English; path = English.lproj/TitleView.xib; sourceTree = "<group>"; };
		6A56903F1285ED2E0002C128 /* PetriGameGroupViewController.h */ = {isa = PBXFileReference; fileEncoding = 4; lastKnownFileType = sourcecode.c.h; path = PetriGameGroupViewController.h; sourceTree = "<group>"; };
		6A5690401285ED2E0002C128 /* PetriGameGroupViewController.m */ = {isa = PBXFileReference; fileEncoding = 4; lastKnownFileType = sourcecode.c.objc; path = PetriGameGroupViewController.m; sourceTree = "<group>"; };
		6A5690421285ED480002C128 /* PetriGameplayViewController.h */ = {isa = PBXFileReference; fileEncoding = 4; lastKnownFileType = sourcecode.c.h; path = PetriGameplayViewController.h; sourceTree = "<group>"; };
		6A5690431285ED480002C128 /* PetriGameplayViewController.m */ = {isa = PBXFileReference; fileEncoding = 4; lastKnownFileType = sourcecode.c.objc; path = PetriGameplayViewController.m; sourceTree = "<group>"; };
		6A5690461285F6D20002C128 /* English */ = {isa = PBXFileReference; lastKnownFileType = file.xib; name = English; path = English.lproj/GameGroupView.xib; sourceTree = "<group>"; };
		6A5690481285F6E00002C128 /* English */ = {isa = PBXFileReference; lastKnownFileType = file.xib; name = English; path = English.lproj/GameplayView.xib; sourceTree = "<group>"; };
		6A9DE8881275EF7400020AB9 /* Petri Unit Tests.octest */ = {isa = PBXFileReference; explicitFileType = wrapper.cfbundle; includeInIndex = 0; path = "Petri Unit Tests.octest"; sourceTree = BUILT_PRODUCTS_DIR; };
		6A9DE89D1275F95000020AB9 /* Petri Unit Tests-Info.plist */ = {isa = PBXFileReference; fileEncoding = 4; lastKnownFileType = text.plist.xml; path = "Petri Unit Tests-Info.plist"; sourceTree = "<group>"; };
		6A9DE8D11276020200020AB9 /* PetriUserTestCases.h */ = {isa = PBXFileReference; fileEncoding = 4; lastKnownFileType = sourcecode.c.h; path = PetriUserTestCases.h; sourceTree = "<group>"; };
		6A9DE8D21276020200020AB9 /* PetriUserTestCases.m */ = {isa = PBXFileReference; fileEncoding = 4; lastKnownFileType = sourcecode.c.objc; path = PetriUserTestCases.m; sourceTree = "<group>"; };
		6AA738E11265FB97003ABB43 /* English */ = {isa = PBXFileReference; fileEncoding = 4; lastKnownFileType = text.plist.strings; name = English; path = English.lproj/InfoPlist.strings; sourceTree = "<group>"; };
		6AA738E31265FB97003ABB43 /* English */ = {isa = PBXFileReference; lastKnownFileType = file.xib; name = English; path = English.lproj/MainMenu.xib; sourceTree = "<group>"; };
		6AA738E41265FB97003ABB43 /* Petri-Info.plist */ = {isa = PBXFileReference; fileEncoding = 4; lastKnownFileType = text.plist.xml; path = "Petri-Info.plist"; sourceTree = "<group>"; };
		6AA738EA1265FBB7003ABB43 /* PetriMainWindowController.h */ = {isa = PBXFileReference; fileEncoding = 4; lastKnownFileType = sourcecode.c.h; path = PetriMainWindowController.h; sourceTree = "<group>"; };
		6AA738EB1265FBB7003ABB43 /* PetriMainWindowController.m */ = {isa = PBXFileReference; fileEncoding = 4; lastKnownFileType = sourcecode.c.objc; path = PetriMainWindowController.m; sourceTree = "<group>"; };
		6AA738F31265FBB7003ABB43 /* main.m */ = {isa = PBXFileReference; fileEncoding = 4; lastKnownFileType = sourcecode.c.objc; path = main.m; sourceTree = "<group>"; };
		6AA738F41265FBB7003ABB43 /* Petri_Prefix.pch */ = {isa = PBXFileReference; fileEncoding = 4; lastKnownFileType = sourcecode.c.h; path = Petri_Prefix.pch; sourceTree = "<group>"; };
		6ACA2E5B12888EEE002DEBE1 /* PetriMainWindowViewController.h */ = {isa = PBXFileReference; fileEncoding = 4; lastKnownFileType = sourcecode.c.h; path = PetriMainWindowViewController.h; sourceTree = "<group>"; };
		6ACA2E5C12888EEE002DEBE1 /* PetriMainWindowViewController.m */ = {isa = PBXFileReference; fileEncoding = 4; lastKnownFileType = sourcecode.c.objc; path = PetriMainWindowViewController.m; sourceTree = "<group>"; };
		6AE75E3D128B0A12009F6BC5 /* PetriJoinGameViewController.h */ = {isa = PBXFileReference; fileEncoding = 4; lastKnownFileType = sourcecode.c.h; path = PetriJoinGameViewController.h; sourceTree = "<group>"; };
		6AE75E3E128B0A12009F6BC5 /* PetriJoinGameViewController.m */ = {isa = PBXFileReference; fileEncoding = 4; lastKnownFileType = sourcecode.c.objc; path = PetriJoinGameViewController.m; sourceTree = "<group>"; };
		6AE75E7B128B1717009F6BC5 /* English */ = {isa = PBXFileReference; lastKnownFileType = file.xib; name = English; path = English.lproj/JoinGameView.xib; sourceTree = "<group>"; };
		6AE75FBF128B8D20009F6BC5 /* Quartz.framework */ = {isa = PBXFileReference; lastKnownFileType = wrapper.framework; name = Quartz.framework; path = System/Library/Frameworks/Quartz.framework; sourceTree = SDKROOT; };
		6AE76033128BAB06009F6BC5 /* NSArray+Subranges.h */ = {isa = PBXFileReference; fileEncoding = 4; lastKnownFileType = sourcecode.c.h; path = "NSArray+Subranges.h"; sourceTree = "<group>"; };
		6AE76034128BAB06009F6BC5 /* NSArray+Subranges.m */ = {isa = PBXFileReference; fileEncoding = 4; lastKnownFileType = sourcecode.c.objc; path = "NSArray+Subranges.m"; sourceTree = "<group>"; };
		6AEF227612763160008D8828 /* PetriAIPlayerTestCases.h */ = {isa = PBXFileReference; fileEncoding = 4; lastKnownFileType = sourcecode.c.h; path = PetriAIPlayerTestCases.h; sourceTree = "<group>"; };
		6AEF227712763160008D8828 /* PetriAIPlayerTestCases.m */ = {isa = PBXFileReference; fileEncoding = 4; lastKnownFileType = sourcecode.c.objc; path = PetriAIPlayerTestCases.m; sourceTree = "<group>"; };
		6AEF22C51276397A008D8828 /* PetriUserPlayerTestCases.h */ = {isa = PBXFileReference; fileEncoding = 4; lastKnownFileType = sourcecode.c.h; path = PetriUserPlayerTestCases.h; sourceTree = "<group>"; };
		6AEF22C61276397A008D8828 /* PetriUserPlayerTestCases.m */ = {isa = PBXFileReference; fileEncoding = 4; lastKnownFileType = sourcecode.c.objc; path = PetriUserPlayerTestCases.m; sourceTree = "<group>"; };
		8D1107320486CEB800E47090 /* Petri.app */ = {isa = PBXFileReference; explicitFileType = wrapper.application; includeInIndex = 0; path = Petri.app; sourceTree = BUILT_PRODUCTS_DIR; };
		FAB0331012788BBB00DC01F0 /* PetriGameTestCases.h */ = {isa = PBXFileReference; fileEncoding = 4; lastKnownFileType = sourcecode.c.h; path = PetriGameTestCases.h; sourceTree = "<group>"; };
		FAB0331112788BBB00DC01F0 /* PetriGameTestCases.m */ = {isa = PBXFileReference; fileEncoding = 4; lastKnownFileType = sourcecode.c.objc; path = PetriGameTestCases.m; sourceTree = "<group>"; };
		FAB033301278D71500DC01F0 /* PetriBoardTestCases.h */ = {isa = PBXFileReference; fileEncoding = 4; lastKnownFileType = sourcecode.c.h; path = PetriBoardTestCases.h; sourceTree = "<group>"; };
		FAB033311278D71500DC01F0 /* PetriBoardTestCases.m */ = {isa = PBXFileReference; fileEncoding = 4; lastKnownFileType = sourcecode.c.objc; path = PetriBoardTestCases.m; sourceTree = "<group>"; };
		FAB033371278D9E600DC01F0 /* PetriGameRulesTestCases.h */ = {isa = PBXFileReference; fileEncoding = 4; lastKnownFileType = sourcecode.c.h; path = PetriGameRulesTestCases.h; sourceTree = "<group>"; };
		FAB033381278D9E600DC01F0 /* PetriGameRulesTestCases.m */ = {isa = PBXFileReference; fileEncoding = 4; lastKnownFileType = sourcecode.c.objc; path = PetriGameRulesTestCases.m; sourceTree = "<group>"; };
		FAB03384128885A000DC01F0 /* PetriGameGroupTestCases.h */ = {isa = PBXFileReference; fileEncoding = 4; lastKnownFileType = sourcecode.c.h; path = PetriGameGroupTestCases.h; sourceTree = "<group>"; };
		FAB03385128885A000DC01F0 /* PetriGameGroupTestCases.m */ = {isa = PBXFileReference; fileEncoding = 4; lastKnownFileType = sourcecode.c.objc; path = PetriGameGroupTestCases.m; sourceTree = "<group>"; };
/* End PBXFileReference section */

/* Begin PBXFrameworksBuildPhase section */
		6A9DE8851275EF7400020AB9 /* Frameworks */ = {
			isa = PBXFrameworksBuildPhase;
			buildActionMask = 2147483647;
			files = (
			);
			runOnlyForDeploymentPostprocessing = 0;
		};
		8D11072E0486CEB800E47090 /* Frameworks */ = {
			isa = PBXFrameworksBuildPhase;
			buildActionMask = 2147483647;
			files = (
				8D11072F0486CEB800E47090 /* Cocoa.framework in Frameworks */,
				6AE75FC0128B8D20009F6BC5 /* Quartz.framework in Frameworks */,
			);
			runOnlyForDeploymentPostprocessing = 0;
		};
/* End PBXFrameworksBuildPhase section */

/* Begin PBXGroup section */
		1058C7A0FEA54F0111CA2CBB /* Linked Frameworks */ = {
			isa = PBXGroup;
			children = (
				1058C7A1FEA54F0111CA2CBB /* Cocoa.framework */,
				6AE75FBF128B8D20009F6BC5 /* Quartz.framework */,
			);
			name = "Linked Frameworks";
			sourceTree = "<group>";
		};
		1058C7A2FEA54F0111CA2CBB /* Other Frameworks */ = {
			isa = PBXGroup;
			children = (
				29B97324FDCFA39411CA2CEA /* AppKit.framework */,
				13E42FB307B3F0F600E4EEF1 /* CoreData.framework */,
				29B97325FDCFA39411CA2CEA /* Foundation.framework */,
			);
			name = "Other Frameworks";
			sourceTree = "<group>";
		};
		19C28FACFE9D520D11CA2CBB /* Products */ = {
			isa = PBXGroup;
			children = (
				8D1107320486CEB800E47090 /* Petri.app */,
				6A9DE8881275EF7400020AB9 /* Petri Unit Tests.octest */,
			);
			name = Products;
			sourceTree = "<group>";
		};
		29B97314FDCFA39411CA2CEA /* Petri */ = {
			isa = PBXGroup;
			children = (
				6AA738E81265FBB7003ABB43 /* Source */,
				6A9DE8CE127601B500020AB9 /* Unit Tests */,
				29B97323FDCFA39411CA2CEA /* Frameworks */,
				6AA738DF1265FB97003ABB43 /* Resources */,
				19C28FACFE9D520D11CA2CBB /* Products */,
			);
			name = Petri;
			sourceTree = "<group>";
		};
		29B97323FDCFA39411CA2CEA /* Frameworks */ = {
			isa = PBXGroup;
			children = (
				1058C7A0FEA54F0111CA2CBB /* Linked Frameworks */,
				1058C7A2FEA54F0111CA2CBB /* Other Frameworks */,
			);
			name = Frameworks;
			sourceTree = "<group>";
		};
		6A4A15A712662EA500429714 /* Users */ = {
			isa = PBXGroup;
			children = (
				6A4A15CB1266351400429714 /* PetriUser.h */,
				6A4A15CC1266351400429714 /* PetriUser.m */,
				6A4A15A412662EA000429714 /* PetriGameGroup.h */,
				6A4A15A512662EA000429714 /* PetriGameGroup.m */,
			);
			name = Users;
			sourceTree = "<group>";
		};
		6A4A15D512663B7800429714 /* Game */ = {
			isa = PBXGroup;
			children = (
				6A4A15EB12663C1500429714 /* PetriGame.h */,
				6A4A15EC12663C1600429714 /* PetriGame.m */,
				6A4A15DC12663B7900429714 /* Players */,
				6A4A161312663F8500429714 /* Rules */,
				6A4A15D612663B7800429714 /* Board */,
				6A4A160E12663F4100429714 /* Pieces */,
				6A4A160012663EFC00429714 /* Items */,
			);
			path = Game;
			sourceTree = "<group>";
		};
		6A4A15D612663B7800429714 /* Board */ = {
			isa = PBXGroup;
			children = (
				6A4A15D712663B7800429714 /* PetriBoard.h */,
				6A4A15D812663B7800429714 /* PetriBoard.m */,
				6A4A15D912663B7800429714 /* PetriBoardCell.h */,
				6A4A15DA12663B7800429714 /* PetriBoardCell.m */,
				6A4A15DB12663B7800429714 /* PetriCellType.h */,
				64C53261128B1374005B61D2 /* PetriBoardLocation.h */,
				64C53262128B1374005B61D2 /* PetriBoardLocation.m */,
			);
			path = Board;
			sourceTree = "<group>";
		};
		6A4A15DC12663B7900429714 /* Players */ = {
			isa = PBXGroup;
			children = (
				6A4A15DF12663B7900429714 /* PetriPlayer.h */,
				6A4A15E012663B7900429714 /* PetriPlayer.m */,
				6A4A15DD12663B7900429714 /* PetriAIPlayer.h */,
				6A4A15DE12663B7900429714 /* PetriAIPlayer.m */,
				6A4A15E112663B7900429714 /* PetriUserPlayer.h */,
				6A4A15E212663B7900429714 /* PetriUserPlayer.m */,
			);
			path = Players;
			sourceTree = "<group>";
		};
		6A4A160012663EFC00429714 /* Items */ = {
			isa = PBXGroup;
			children = (
				6A4A160112663EFC00429714 /* PetriItem.h */,
				6A4A160212663EFD00429714 /* PetriItem.m */,
			);
			path = Items;
			sourceTree = "<group>";
		};
		6A4A160E12663F4100429714 /* Pieces */ = {
			isa = PBXGroup;
			children = (
				6A4A160F12663F4100429714 /* PetriPiece.h */,
				6A4A161012663F4100429714 /* PetriPiece.m */,
			);
			path = Pieces;
			sourceTree = "<group>";
		};
		6A4A161312663F8500429714 /* Rules */ = {
			isa = PBXGroup;
			children = (
				6A4A161412663F8500429714 /* PetriGameRules.h */,
				6A4A161512663F8500429714 /* PetriGameRules.m */,
			);
			path = Rules;
			sourceTree = "<group>";
		};
		6A5690331285DC9A0002C128 /* View Controllers */ = {
			isa = PBXGroup;
			children = (
				6ACA2E5A12888EEE002DEBE1 /* Superclass */,
				6A5690341285DC9A0002C128 /* PetriTitleViewController.h */,
				6A5690351285DC9A0002C128 /* PetriTitleViewController.m */,
				6AE75E3D128B0A12009F6BC5 /* PetriJoinGameViewController.h */,
				6AE75E3E128B0A12009F6BC5 /* PetriJoinGameViewController.m */,
				6A56903F1285ED2E0002C128 /* PetriGameGroupViewController.h */,
				6A5690401285ED2E0002C128 /* PetriGameGroupViewController.m */,
				6A5690421285ED480002C128 /* PetriGameplayViewController.h */,
				6A5690431285ED480002C128 /* PetriGameplayViewController.m */,
			);
			path = "View Controllers";
			sourceTree = "<group>";
		};
		6A9DE8CE127601B500020AB9 /* Unit Tests */ = {
			isa = PBXGroup;
			children = (
				6A9DE8D11276020200020AB9 /* PetriUserTestCases.h */,
				6A9DE8D21276020200020AB9 /* PetriUserTestCases.m */,
				6AEF227612763160008D8828 /* PetriAIPlayerTestCases.h */,
				6AEF227712763160008D8828 /* PetriAIPlayerTestCases.m */,
				6AEF22C51276397A008D8828 /* PetriUserPlayerTestCases.h */,
				6AEF22C61276397A008D8828 /* PetriUserPlayerTestCases.m */,
				FAB0331012788BBB00DC01F0 /* PetriGameTestCases.h */,
				FAB0331112788BBB00DC01F0 /* PetriGameTestCases.m */,
				FAB033371278D9E600DC01F0 /* PetriGameRulesTestCases.h */,
				FAB033381278D9E600DC01F0 /* PetriGameRulesTestCases.m */,
				FAB03384128885A000DC01F0 /* PetriGameGroupTestCases.h */,
				FAB03385128885A000DC01F0 /* PetriGameGroupTestCases.m */,
				FAB033301278D71500DC01F0 /* PetriBoardTestCases.h */,
				FAB033311278D71500DC01F0 /* PetriBoardTestCases.m */,
				64C7E6691278F1F800B040F8 /* PetriBoardCellTestCases.h */,
				64C7E66A1278F1F800B040F8 /* PetriBoardCellTestCases.m */,
				64C7E6721278F2D600B040F8 /* PetriItemTestCases.h */,
				64C7E6731278F2D600B040F8 /* PetriItemTestCases.m */,
				64C7E66C1278F24200B040F8 /* PetriPieceTestCases.h */,
				64C7E66D1278F24200B040F8 /* PetriPieceTestCases.m */,
				64753E40128BA8FD00868EBB /* PetriBoardLocationTestCases.h */,
				64753E41128BA8FD00868EBB /* PetriBoardLocationTestCases.m */,
			);
			path = "Unit Tests";
			sourceTree = "<group>";
		};
		6AA738DF1265FB97003ABB43 /* Resources */ = {
			isa = PBXGroup;
			children = (
				6A9DE89D1275F95000020AB9 /* Petri Unit Tests-Info.plist */,
				6AA738E01265FB97003ABB43 /* InfoPlist.strings */,
				6AA738E21265FB97003ABB43 /* MainMenu.xib */,
				6AA738E41265FB97003ABB43 /* Petri-Info.plist */,
				6A5690391285ECAD0002C128 /* TitleView.xib */,
				6AE75E7D128B171C009F6BC5 /* JoinGameView.xib */,
				6A56904C1285F6F20002C128 /* GameGroupView.xib */,
				6A56904A1285F6EA0002C128 /* GameplayView.xib */,
			);
			path = Resources;
			sourceTree = "<group>";
		};
		6AA738E81265FBB7003ABB43 /* Source */ = {
			isa = PBXGroup;
			children = (
				6AA738EC1265FBB7003ABB43 /* Model */,
				6AA738F61265FBB7003ABB43 /* View */,
				6AA738E91265FBB7003ABB43 /* Controller */,
				6AA738F51265FBB7003ABB43 /* Utility */,
				6AA738F21265FBB7003ABB43 /* Others */,
			);
			path = Source;
			sourceTree = "<group>";
		};
		6AA738E91265FBB7003ABB43 /* Controller */ = {
			isa = PBXGroup;
			children = (
				6A5690331285DC9A0002C128 /* View Controllers */,
				6AA738EA1265FBB7003ABB43 /* PetriMainWindowController.h */,
				6AA738EB1265FBB7003ABB43 /* PetriMainWindowController.m */,
				6A0A9A3412876E7100067953 /* PetriMainWindowToolbarController.h */,
				6A0A9A3512876E7100067953 /* PetriMainWindowToolbarController.m */,
			);
			path = Controller;
			sourceTree = "<group>";
		};
		6AA738EC1265FBB7003ABB43 /* Model */ = {
			isa = PBXGroup;
			children = (
				6A4A15A712662EA500429714 /* Users */,
				6A4A15D512663B7800429714 /* Game */,
			);
			path = Model;
			sourceTree = "<group>";
		};
		6AA738F21265FBB7003ABB43 /* Others */ = {
			isa = PBXGroup;
			children = (
				6AA738F31265FBB7003ABB43 /* main.m */,
				6AA738F41265FBB7003ABB43 /* Petri_Prefix.pch */,
			);
			path = Others;
			sourceTree = "<group>";
		};
		6AA738F51265FBB7003ABB43 /* Utility */ = {
			isa = PBXGroup;
			children = (
				6AE76033128BAB06009F6BC5 /* NSArray+Subranges.h */,
				6AE76034128BAB06009F6BC5 /* NSArray+Subranges.m */,
			);
			path = Utility;
			sourceTree = "<group>";
		};
		6AA738F61265FBB7003ABB43 /* View */ = {
			isa = PBXGroup;
			children = (
			);
			path = View;
			sourceTree = "<group>";
		};
		6ACA2E5A12888EEE002DEBE1 /* Superclass */ = {
			isa = PBXGroup;
			children = (
				6ACA2E5B12888EEE002DEBE1 /* PetriMainWindowViewController.h */,
				6ACA2E5C12888EEE002DEBE1 /* PetriMainWindowViewController.m */,
			);
			path = Superclass;
			sourceTree = "<group>";
		};
/* End PBXGroup section */

/* Begin PBXNativeTarget section */
		6A9DE8871275EF7400020AB9 /* Petri Unit Tests */ = {
			isa = PBXNativeTarget;
			buildConfigurationList = 6A9DE88C1275EF7400020AB9 /* Build configuration list for PBXNativeTarget "Petri Unit Tests" */;
			buildPhases = (
				6A9DE8831275EF7400020AB9 /* Resources */,
				6A9DE8841275EF7400020AB9 /* Sources */,
				6A9DE8851275EF7400020AB9 /* Frameworks */,
				6A9DE8861275EF7400020AB9 /* Run Unit Tests */,
			);
			buildRules = (
			);
			dependencies = (
				6A9DE88E1275F11F00020AB9 /* PBXTargetDependency */,
			);
			name = "Petri Unit Tests";
			productName = "Petri Unit Tests";
			productReference = 6A9DE8881275EF7400020AB9 /* Petri Unit Tests.octest */;
			productType = "com.apple.product-type.bundle";
		};
		8D1107260486CEB800E47090 /* Petri */ = {
			isa = PBXNativeTarget;
			buildConfigurationList = C01FCF4A08A954540054247B /* Build configuration list for PBXNativeTarget "Petri" */;
			buildPhases = (
				8D1107290486CEB800E47090 /* Resources */,
				8D11072C0486CEB800E47090 /* Sources */,
				8D11072E0486CEB800E47090 /* Frameworks */,
				6AA7393B12661531003ABB43 /* Generate Doxygen Documentation */,
			);
			buildRules = (
			);
			dependencies = (
			);
			name = Petri;
			productInstallPath = "$(HOME)/Applications";
			productName = Petri;
			productReference = 8D1107320486CEB800E47090 /* Petri.app */;
			productType = "com.apple.product-type.application";
		};
/* End PBXNativeTarget section */

/* Begin PBXProject section */
		29B97313FDCFA39411CA2CEA /* Project object */ = {
			isa = PBXProject;
			attributes = {
				ORGANIZATIONNAME = "Alex Heinz, Paul Martin, and Alex Rozenshteyn";
			};
			buildConfigurationList = C01FCF4E08A954540054247B /* Build configuration list for PBXProject "Petri" */;
			compatibilityVersion = "Xcode 3.1";
			developmentRegion = English;
			hasScannedForEncodings = 1;
			knownRegions = (
				English,
				Japanese,
				French,
				German,
			);
			mainGroup = 29B97314FDCFA39411CA2CEA /* Petri */;
			projectDirPath = "";
			projectRoot = "";
			targets = (
				8D1107260486CEB800E47090 /* Petri */,
				6A9DE8871275EF7400020AB9 /* Petri Unit Tests */,
			);
		};
/* End PBXProject section */

/* Begin PBXResourcesBuildPhase section */
		6A9DE8831275EF7400020AB9 /* Resources */ = {
			isa = PBXResourcesBuildPhase;
			buildActionMask = 2147483647;
			files = (
			);
			runOnlyForDeploymentPostprocessing = 0;
		};
		8D1107290486CEB800E47090 /* Resources */ = {
			isa = PBXResourcesBuildPhase;
			buildActionMask = 2147483647;
			files = (
				6AA738E51265FB97003ABB43 /* InfoPlist.strings in Resources */,
				6AA738E61265FB97003ABB43 /* MainMenu.xib in Resources */,
				6A56903B1285ECB50002C128 /* TitleView.xib in Resources */,
				6A56904D1285F6F20002C128 /* GameGroupView.xib in Resources */,
				6A56904B1285F6EA0002C128 /* GameplayView.xib in Resources */,
				6AE75E7E128B171C009F6BC5 /* JoinGameView.xib in Resources */,
			);
			runOnlyForDeploymentPostprocessing = 0;
		};
/* End PBXResourcesBuildPhase section */

/* Begin PBXShellScriptBuildPhase section */
		6A9DE8861275EF7400020AB9 /* Run Unit Tests */ = {
			isa = PBXShellScriptBuildPhase;
			buildActionMask = 2147483647;
			comments = "Run Unit Tests";
			files = (
			);
			inputPaths = (
			);
			name = "Run Unit Tests";
			outputPaths = (
			);
			runOnlyForDeploymentPostprocessing = 0;
			shellPath = /bin/sh;
			shellScript = "# Run the unit tests in this test bundle.\n\"${SYSTEM_DEVELOPER_DIR}/Tools/RunUnitTests\"\n";
		};
		6AA7393B12661531003ABB43 /* Generate Doxygen Documentation */ = {
			isa = PBXShellScriptBuildPhase;
			buildActionMask = 2147483647;
			comments = "Generate Doxygen Documentation";
			files = (
			);
			inputPaths = (
			);
			name = "Generate Doxygen Documentation";
			outputPaths = (
			);
			runOnlyForDeploymentPostprocessing = 0;
			shellPath = /bin/sh;
			shellScript = "export PATH=/usr/local/bin:$PATH:$HOME/bin\ndoxygen doc/Doxyfile\n";
		};
/* End PBXShellScriptBuildPhase section */

/* Begin PBXSourcesBuildPhase section */
		6A9DE8841275EF7400020AB9 /* Sources */ = {
			isa = PBXSourcesBuildPhase;
			buildActionMask = 2147483647;
			files = (
				6A9DE8D31276020200020AB9 /* PetriUserTestCases.m in Sources */,
				6AEF227812763160008D8828 /* PetriAIPlayerTestCases.m in Sources */,
				6AEF22C71276397A008D8828 /* PetriUserPlayerTestCases.m in Sources */,
				FAB0331212788BBB00DC01F0 /* PetriGameTestCases.m in Sources */,
				FAB033321278D71500DC01F0 /* PetriBoardTestCases.m in Sources */,
				FAB033391278D9E600DC01F0 /* PetriGameRulesTestCases.m in Sources */,
				64C7E66E1278F24200B040F8 /* PetriPieceTestCases.m in Sources */,
				64C7E6741278F2D600B040F8 /* PetriItemTestCases.m in Sources */,
				6491819A1279228900A185C2 /* PetriBoardCellTestCases.m in Sources */,
				FAB03386128885A000DC01F0 /* PetriGameGroupTestCases.m in Sources */,
				64753E42128BA8FD00868EBB /* PetriBoardLocationTestCases.m in Sources */,
			);
			runOnlyForDeploymentPostprocessing = 0;
		};
		8D11072C0486CEB800E47090 /* Sources */ = {
			isa = PBXSourcesBuildPhase;
			buildActionMask = 2147483647;
			files = (
				6AA738F71265FBB7003ABB43 /* PetriMainWindowController.m in Sources */,
				6AA738FA1265FBB7003ABB43 /* main.m in Sources */,
				6A4A15A612662EA000429714 /* PetriGameGroup.m in Sources */,
				6A4A15CD1266351400429714 /* PetriUser.m in Sources */,
				6A4A15E312663B7900429714 /* PetriBoard.m in Sources */,
				6A4A15E412663B7900429714 /* PetriBoardCell.m in Sources */,
				6A4A15E512663B7900429714 /* PetriAIPlayer.m in Sources */,
				6A4A15E612663B7900429714 /* PetriPlayer.m in Sources */,
				6A4A15E712663B7900429714 /* PetriUserPlayer.m in Sources */,
				6A4A15ED12663C1600429714 /* PetriGame.m in Sources */,
				6A4A160312663EFD00429714 /* PetriItem.m in Sources */,
				6A4A161112663F4200429714 /* PetriPiece.m in Sources */,
				6A4A161612663F8600429714 /* PetriGameRules.m in Sources */,
				6A56903C1285ECCA0002C128 /* PetriTitleViewController.m in Sources */,
				6A5690441285ED480002C128 /* PetriGameplayViewController.m in Sources */,
				6A5690451285ED530002C128 /* PetriGameGroupViewController.m in Sources */,
				6A0A9A3612876E7100067953 /* PetriMainWindowToolbarController.m in Sources */,
				6ACA2E5D12888EEE002DEBE1 /* PetriMainWindowViewController.m in Sources */,
				64C53263128B1374005B61D2 /* PetriBoardLocation.m in Sources */,
				6AE75E3F128B0A12009F6BC5 /* PetriJoinGameViewController.m in Sources */,
				6AE76035128BAB06009F6BC5 /* NSArray+Subranges.m in Sources */,
			);
			runOnlyForDeploymentPostprocessing = 0;
		};
/* End PBXSourcesBuildPhase section */

/* Begin PBXTargetDependency section */
		6A9DE88E1275F11F00020AB9 /* PBXTargetDependency */ = {
			isa = PBXTargetDependency;
			target = 8D1107260486CEB800E47090 /* Petri */;
			targetProxy = 6A9DE88D1275F11F00020AB9 /* PBXContainerItemProxy */;
		};
/* End PBXTargetDependency section */

/* Begin PBXVariantGroup section */
		6A5690391285ECAD0002C128 /* TitleView.xib */ = {
			isa = PBXVariantGroup;
			children = (
				6A5690371285ECA70002C128 /* English */,
			);
			name = TitleView.xib;
			sourceTree = "<group>";
		};
		6A56904A1285F6EA0002C128 /* GameplayView.xib */ = {
			isa = PBXVariantGroup;
			children = (
				6A5690481285F6E00002C128 /* English */,
			);
			name = GameplayView.xib;
			sourceTree = "<group>";
		};
		6A56904C1285F6F20002C128 /* GameGroupView.xib */ = {
			isa = PBXVariantGroup;
			children = (
				6A5690461285F6D20002C128 /* English */,
			);
			name = GameGroupView.xib;
			sourceTree = "<group>";
		};
		6AA738E01265FB97003ABB43 /* InfoPlist.strings */ = {
			isa = PBXVariantGroup;
			children = (
				6AA738E11265FB97003ABB43 /* English */,
			);
			name = InfoPlist.strings;
			sourceTree = "<group>";
		};
		6AA738E21265FB97003ABB43 /* MainMenu.xib */ = {
			isa = PBXVariantGroup;
			children = (
				6AA738E31265FB97003ABB43 /* English */,
			);
			name = MainMenu.xib;
			sourceTree = "<group>";
		};
		6AE75E7D128B171C009F6BC5 /* JoinGameView.xib */ = {
			isa = PBXVariantGroup;
			children = (
				6AE75E7B128B1717009F6BC5 /* English */,
			);
			name = JoinGameView.xib;
			sourceTree = "<group>";
		};
/* End PBXVariantGroup section */

/* Begin XCBuildConfiguration section */
		6A0A998F128768BC00067953 /* Debug (Static Analyzer) */ = {
			isa = XCBuildConfiguration;
			buildSettings = {
				ARCHS = "$(NATIVE_ARCH_ACTUAL)";
				GCC_C_LANGUAGE_STANDARD = gnu99;
				GCC_ENABLE_OBJC_GC = required;
				GCC_OPTIMIZATION_LEVEL = 0;
				GCC_VERSION = com.apple.compilers.llvm.clang.1_0;
				GCC_WARN_ABOUT_MISSING_NEWLINE = YES;
				GCC_WARN_ABOUT_RETURN_TYPE = YES;
				GCC_WARN_CHECK_SWITCH_STATEMENTS = YES;
				GCC_WARN_MISSING_PARENTHESES = YES;
				GCC_WARN_SIGN_COMPARE = YES;
				GCC_WARN_UNUSED_LABEL = YES;
				GCC_WARN_UNUSED_VALUE = YES;
				GCC_WARN_UNUSED_VARIABLE = YES;
				ONLY_ACTIVE_ARCH = YES;
				PREBINDING = NO;
				RUN_CLANG_STATIC_ANALYZER = YES;
				SDKROOT = macosx10.6;
			};
			name = "Debug (Static Analyzer)";
		};
		6A0A9990128768BC00067953 /* Debug (Static Analyzer) */ = {
			isa = XCBuildConfiguration;
			buildSettings = {
				ALWAYS_SEARCH_USER_PATHS = NO;
				COPY_PHASE_STRIP = NO;
				GCC_DYNAMIC_NO_PIC = NO;
				GCC_ENABLE_FIX_AND_CONTINUE = YES;
				GCC_MODEL_TUNING = G5;
				GCC_OPTIMIZATION_LEVEL = 0;
				GCC_PRECOMPILE_PREFIX_HEADER = YES;
				GCC_PREFIX_HEADER = Source/Others/Petri_Prefix.pch;
				INFOPLIST_FILE = "Resources/Petri-Info.plist";
				INSTALL_PATH = "$(HOME)/Applications";
				PRODUCT_NAME = Petri;
			};
			name = "Debug (Static Analyzer)";
		};
		6A0A9991128768BC00067953 /* Debug (Static Analyzer) */ = {
			isa = XCBuildConfiguration;
			buildSettings = {
				ALWAYS_SEARCH_USER_PATHS = NO;
				BUNDLE_LOADER = "$(BUILT_PRODUCTS_DIR)/Petri.app/Contents/MacOS/Petri";
				COPY_PHASE_STRIP = NO;
				FRAMEWORK_SEARCH_PATHS = "$(DEVELOPER_LIBRARY_DIR)/Frameworks";
				GCC_DYNAMIC_NO_PIC = NO;
				GCC_ENABLE_FIX_AND_CONTINUE = NO;
				GCC_ENABLE_OBJC_EXCEPTIONS = YES;
				GCC_MODEL_TUNING = G5;
				GCC_OPTIMIZATION_LEVEL = 0;
				GCC_PRECOMPILE_PREFIX_HEADER = YES;
				GCC_PREFIX_HEADER = "$(SYSTEM_LIBRARY_DIR)/Frameworks/Cocoa.framework/Headers/Cocoa.h";
				INFOPLIST_FILE = "Resources/Petri Unit Tests-Info.plist";
				INSTALL_PATH = "$(USER_LIBRARY_DIR)/Bundles";
				OTHER_LDFLAGS = (
					"-framework",
					Cocoa,
					"-framework",
					SenTestingKit,
				);
				PREBINDING = NO;
				PRODUCT_NAME = "Petri Unit Tests";
				TEST_HOST = "$(BUILT_PRODUCTS_DIR)/Petri.app/Contents/MacOS/Petri";
				WRAPPER_EXTENSION = octest;
			};
			name = "Debug (Static Analyzer)";
		};
		6A9DE88A1275EF7400020AB9 /* Debug */ = {
			isa = XCBuildConfiguration;
			buildSettings = {
				ALWAYS_SEARCH_USER_PATHS = NO;
				BUNDLE_LOADER = "$(BUILT_PRODUCTS_DIR)/Petri.app/Contents/MacOS/Petri";
				COPY_PHASE_STRIP = NO;
				FRAMEWORK_SEARCH_PATHS = "$(DEVELOPER_LIBRARY_DIR)/Frameworks";
				GCC_DYNAMIC_NO_PIC = NO;
				GCC_ENABLE_FIX_AND_CONTINUE = NO;
				GCC_ENABLE_OBJC_EXCEPTIONS = YES;
				GCC_MODEL_TUNING = G5;
				GCC_OPTIMIZATION_LEVEL = 0;
				GCC_PRECOMPILE_PREFIX_HEADER = YES;
				GCC_PREFIX_HEADER = "$(SYSTEM_LIBRARY_DIR)/Frameworks/Cocoa.framework/Headers/Cocoa.h";
				INFOPLIST_FILE = "Resources/Petri Unit Tests-Info.plist";
				INSTALL_PATH = "$(USER_LIBRARY_DIR)/Bundles";
				OTHER_LDFLAGS = (
					"-framework",
					Cocoa,
					"-framework",
					SenTestingKit,
				);
				PREBINDING = NO;
				PRODUCT_NAME = "Petri Unit Tests";
				TEST_HOST = "$(BUILT_PRODUCTS_DIR)/Petri.app/Contents/MacOS/Petri";
				WRAPPER_EXTENSION = octest;
			};
			name = Debug;
		};
		6A9DE88B1275EF7400020AB9 /* Release */ = {
			isa = XCBuildConfiguration;
			buildSettings = {
				ALWAYS_SEARCH_USER_PATHS = NO;
				BUNDLE_LOADER = "$(BUILT_PRODUCTS_DIR)/Petri.app/Contents/MacOS/Petri";
				COPY_PHASE_STRIP = YES;
				DEBUG_INFORMATION_FORMAT = "dwarf-with-dsym";
				FRAMEWORK_SEARCH_PATHS = "$(DEVELOPER_LIBRARY_DIR)/Frameworks";
				GCC_ENABLE_FIX_AND_CONTINUE = NO;
				GCC_ENABLE_OBJC_EXCEPTIONS = YES;
				GCC_MODEL_TUNING = G5;
				GCC_PRECOMPILE_PREFIX_HEADER = YES;
				GCC_PREFIX_HEADER = "$(SYSTEM_LIBRARY_DIR)/Frameworks/Cocoa.framework/Headers/Cocoa.h";
				INFOPLIST_FILE = "Resources/Petri Unit Tests-Info.plist";
				INSTALL_PATH = "$(USER_LIBRARY_DIR)/Bundles";
				OTHER_LDFLAGS = (
					"-framework",
					Cocoa,
					"-framework",
					SenTestingKit,
				);
				PREBINDING = NO;
				PRODUCT_NAME = "Petri Unit Tests";
				TEST_HOST = "$(BUILT_PRODUCTS_DIR)/Petri.app/Contents/MacOS/Petri";
				WRAPPER_EXTENSION = octest;
				ZERO_LINK = NO;
			};
			name = Release;
		};
		C01FCF4B08A954540054247B /* Debug */ = {
			isa = XCBuildConfiguration;
			buildSettings = {
				ALWAYS_SEARCH_USER_PATHS = NO;
				COPY_PHASE_STRIP = NO;
				GCC_DYNAMIC_NO_PIC = NO;
				GCC_ENABLE_FIX_AND_CONTINUE = YES;
				GCC_MODEL_TUNING = G5;
				GCC_OPTIMIZATION_LEVEL = 0;
				GCC_PRECOMPILE_PREFIX_HEADER = YES;
				GCC_PREFIX_HEADER = Source/Others/Petri_Prefix.pch;
				INFOPLIST_FILE = "Resources/Petri-Info.plist";
				INSTALL_PATH = "$(HOME)/Applications";
				PRODUCT_NAME = Petri;
			};
			name = Debug;
		};
		C01FCF4C08A954540054247B /* Release */ = {
			isa = XCBuildConfiguration;
			buildSettings = {
				ALWAYS_SEARCH_USER_PATHS = NO;
				DEBUG_INFORMATION_FORMAT = "dwarf-with-dsym";
				GCC_MODEL_TUNING = G5;
				GCC_PRECOMPILE_PREFIX_HEADER = YES;
				GCC_PREFIX_HEADER = Source/Others/Petri_Prefix.pch;
				INFOPLIST_FILE = "Resources/Petri-Info.plist";
				INSTALL_PATH = "$(HOME)/Applications";
				PRODUCT_NAME = Petri;
			};
			name = Release;
		};
		C01FCF4F08A954540054247B /* Debug */ = {
			isa = XCBuildConfiguration;
			buildSettings = {
				ARCHS = "$(NATIVE_ARCH_ACTUAL)";
				GCC_C_LANGUAGE_STANDARD = gnu99;
				GCC_ENABLE_OBJC_GC = required;
				GCC_OPTIMIZATION_LEVEL = 0;
				GCC_VERSION = com.apple.compilers.llvm.clang.1_0;
				GCC_WARN_ABOUT_MISSING_NEWLINE = YES;
				GCC_WARN_ABOUT_RETURN_TYPE = YES;
				GCC_WARN_CHECK_SWITCH_STATEMENTS = YES;
				GCC_WARN_MISSING_PARENTHESES = YES;
				GCC_WARN_SIGN_COMPARE = YES;
				GCC_WARN_UNUSED_LABEL = YES;
				GCC_WARN_UNUSED_VALUE = YES;
				GCC_WARN_UNUSED_VARIABLE = YES;
				ONLY_ACTIVE_ARCH = YES;
				PREBINDING = NO;
				SDKROOT = macosx10.6;
			};
			name = Debug;
		};
		C01FCF5008A954540054247B /* Release */ = {
			isa = XCBuildConfiguration;
			buildSettings = {
				ARCHS = "$(ARCHS_STANDARD_32_64_BIT)";
				GCC_C_LANGUAGE_STANDARD = gnu99;
				GCC_ENABLE_OBJC_GC = required;
				GCC_VERSION = com.apple.compilers.llvm.clang.1_0;
				GCC_WARN_ABOUT_RETURN_TYPE = YES;
				GCC_WARN_UNUSED_VARIABLE = YES;
				PREBINDING = NO;
				SDKROOT = macosx10.6;
			};
			name = Release;
		};
/* End XCBuildConfiguration section */

/* Begin XCConfigurationList section */
		6A9DE88C1275EF7400020AB9 /* Build configuration list for PBXNativeTarget "Petri Unit Tests" */ = {
			isa = XCConfigurationList;
			buildConfigurations = (
				6A9DE88A1275EF7400020AB9 /* Debug */,
				6A0A9991128768BC00067953 /* Debug (Static Analyzer) */,
				6A9DE88B1275EF7400020AB9 /* Release */,
			);
			defaultConfigurationIsVisible = 0;
			defaultConfigurationName = Release;
		};
		C01FCF4A08A954540054247B /* Build configuration list for PBXNativeTarget "Petri" */ = {
			isa = XCConfigurationList;
			buildConfigurations = (
				C01FCF4B08A954540054247B /* Debug */,
				6A0A9990128768BC00067953 /* Debug (Static Analyzer) */,
				C01FCF4C08A954540054247B /* Release */,
			);
			defaultConfigurationIsVisible = 0;
			defaultConfigurationName = Release;
		};
		C01FCF4E08A954540054247B /* Build configuration list for PBXProject "Petri" */ = {
			isa = XCConfigurationList;
			buildConfigurations = (
				C01FCF4F08A954540054247B /* Debug */,
				6A0A998F128768BC00067953 /* Debug (Static Analyzer) */,
				C01FCF5008A954540054247B /* Release */,
			);
			defaultConfigurationIsVisible = 0;
			defaultConfigurationName = Release;
		};
/* End XCConfigurationList section */
	};
	rootObject = 29B97313FDCFA39411CA2CEA /* Project object */;
}
